
Microsoft Visual Studio Solution File, Format Version 12.00
# Visual Studio Version 16
VisualStudioVersion = 16.0.29102.190
MinimumVisualStudioVersion = 10.0.40219.1
Project("{9A19103F-16F7-4668-BE54-9A1E7A4F7556}") = "InterfurCreations.AdminSite", "InterfurCreations.AdminSite\InterfurCreations.AdminSite.csproj", "{B832E5ED-0649-470F-BCD7-CCA9BFB11F69}"
EndProject
Project("{9A19103F-16F7-4668-BE54-9A1E7A4F7556}") = "InterfurCreations.AdventureGames.Configuration", "..\AdventureGameCore\InterfurCreations.AdventureGames.Configuration\InterfurCreations.AdventureGames.Configuration.csproj", "{42304E3C-019F-4E3D-9A5F-0CB88C598845}"
EndProject
Project("{9A19103F-16F7-4668-BE54-9A1E7A4F7556}") = "InterfurCreations.AdventureGames.Services", "..\AdventureGameCore\InterfurCreations.AdventureGames.Services\InterfurCreations.AdventureGames.Services.csproj", "{1ADAC383-78F4-4F54-80CB-4401D7CD8338}"
EndProject
Project("{9A19103F-16F7-4668-BE54-9A1E7A4F7556}") = "InterfurCreations.AdventureGames.Database", "..\AdventureGameCore\InterfurCreations.AdventureGames.Database\InterfurCreations.AdventureGames.Database.csproj", "{582A05FE-3895-40EC-AFA7-AF389E987AD8}"
EndProject
Project("{9A19103F-16F7-4668-BE54-9A1E7A4F7556}") = "InterfurCreations.AdventureGames.DatabaseServices", "..\AdventureGameCore\InterfurCreations.AdventureGames.DatabaseServices\InterfurCreations.AdventureGames.DatabaseServices.csproj", "{F5AA983A-D237-467B-AF8C-5426A99EE74F}"
EndProject
Project("{9A19103F-16F7-4668-BE54-9A1E7A4F7556}") = "InterfurCreations.AdventureGames.Graph", "..\AdventureGameCore\InterfurCreations.AdventureGames.Graph\InterfurCreations.AdventureGames.Graph.csproj", "{30462049-3DD8-4981-AE31-4261CDF5629F}"
EndProject
Project("{9A19103F-16F7-4668-BE54-9A1E7A4F7556}") = "InterfurCreations.AdminSite.Core", "InterfurCreations.AdminSite.Core\InterfurCreations.AdminSite.Core.csproj", "{DE15729F-1F82-4AF2-8321-666F3586D6B1}"
EndProject
Project("{9A19103F-16F7-4668-BE54-9A1E7A4F7556}") = "InterfurCreations.AdventureGames.GameTesting", "..\DrawGameTester\InterfurCreations.AdventureGames.GameTesting\InterfurCreations.AdventureGames.GameTesting.csproj", "{84DA3D0C-5FB5-4A0D-B834-D4AB412949D0}"
EndProject
Project("{9A19103F-16F7-4668-BE54-9A1E7A4F7556}") = "InterfurCreations.AdventureGames.GameLanguage", "..\AdventureGameCore\InterfurCreations.AdventureGames.GameLanguage\InterfurCreations.AdventureGames.GameLanguage.csproj", "{57AFE84B-A80F-42D1-9B59-20822C90D01A}"
EndProject
Project("{9A19103F-16F7-4668-BE54-9A1E7A4F7556}") = "InterfurCreations.AdventureGames.Core", "..\AdventureGameCore\InterfurCreations.AdventureGames.Core\InterfurCreations.AdventureGames.Core.csproj", "{BC703AF7-D622-4E0D-AA6B-552398DBB9DF}"
EndProject
Project("{FAE04EC0-301F-11D3-BF4B-00C04F79EFBC}") = "InterfurCreations.AdventureGames.GameTesting.DataObjects", "InterfurCreations.AdventureGames.GameTesting.DataObjects\InterfurCreations.AdventureGames.GameTesting.DataObjects.csproj", "{FCD3B84C-6B5F-4E75-B37B-B9D79910F78E}"
EndProject
Global
	GlobalSection(SolutionConfigurationPlatforms) = preSolution
		AdminSite|Any CPU = AdminSite|Any CPU
		Debug|Any CPU = Debug|Any CPU
		DebugLive|Any CPU = DebugLive|Any CPU
		DebugTest|Any CPU = DebugTest|Any CPU
		DiscordAlpha|Any CPU = DiscordAlpha|Any CPU
		DiscordLive|Any CPU = DiscordLive|Any CPU
		KikLive|Any CPU = KikLive|Any CPU
		Release|Any CPU = Release|Any CPU
		TelegramDev|Any CPU = TelegramDev|Any CPU
	EndGlobalSection
	GlobalSection(ProjectConfigurationPlatforms) = postSolution
		{B832E5ED-0649-470F-BCD7-CCA9BFB11F69}.AdminSite|Any CPU.ActiveCfg = Debug|Any CPU
		{B832E5ED-0649-470F-BCD7-CCA9BFB11F69}.AdminSite|Any CPU.Build.0 = Debug|Any CPU
		{B832E5ED-0649-470F-BCD7-CCA9BFB11F69}.Debug|Any CPU.ActiveCfg = Debug|Any CPU
		{B832E5ED-0649-470F-BCD7-CCA9BFB11F69}.Debug|Any CPU.Build.0 = Debug|Any CPU
		{B832E5ED-0649-470F-BCD7-CCA9BFB11F69}.DebugLive|Any CPU.ActiveCfg = Debug|Any CPU
		{B832E5ED-0649-470F-BCD7-CCA9BFB11F69}.DebugLive|Any CPU.Build.0 = Debug|Any CPU
		{B832E5ED-0649-470F-BCD7-CCA9BFB11F69}.DebugTest|Any CPU.ActiveCfg = Debug|Any CPU
		{B832E5ED-0649-470F-BCD7-CCA9BFB11F69}.DebugTest|Any CPU.Build.0 = Debug|Any CPU
		{B832E5ED-0649-470F-BCD7-CCA9BFB11F69}.DiscordAlpha|Any CPU.ActiveCfg = Debug|Any CPU
		{B832E5ED-0649-470F-BCD7-CCA9BFB11F69}.DiscordAlpha|Any CPU.Build.0 = Debug|Any CPU
		{B832E5ED-0649-470F-BCD7-CCA9BFB11F69}.DiscordLive|Any CPU.ActiveCfg = Debug|Any CPU
		{B832E5ED-0649-470F-BCD7-CCA9BFB11F69}.DiscordLive|Any CPU.Build.0 = Debug|Any CPU
		{B832E5ED-0649-470F-BCD7-CCA9BFB11F69}.KikLive|Any CPU.ActiveCfg = Debug|Any CPU
		{B832E5ED-0649-470F-BCD7-CCA9BFB11F69}.KikLive|Any CPU.Build.0 = Debug|Any CPU
		{B832E5ED-0649-470F-BCD7-CCA9BFB11F69}.Release|Any CPU.ActiveCfg = Release|Any CPU
		{B832E5ED-0649-470F-BCD7-CCA9BFB11F69}.Release|Any CPU.Build.0 = Release|Any CPU
		{B832E5ED-0649-470F-BCD7-CCA9BFB11F69}.TelegramDev|Any CPU.ActiveCfg = Debug|Any CPU
		{B832E5ED-0649-470F-BCD7-CCA9BFB11F69}.TelegramDev|Any CPU.Build.0 = Debug|Any CPU
		{42304E3C-019F-4E3D-9A5F-0CB88C598845}.AdminSite|Any CPU.ActiveCfg = Debug|Any CPU
		{42304E3C-019F-4E3D-9A5F-0CB88C598845}.AdminSite|Any CPU.Build.0 = Debug|Any CPU
		{42304E3C-019F-4E3D-9A5F-0CB88C598845}.Debug|Any CPU.ActiveCfg = Debug|Any CPU
		{42304E3C-019F-4E3D-9A5F-0CB88C598845}.Debug|Any CPU.Build.0 = Debug|Any CPU
		{42304E3C-019F-4E3D-9A5F-0CB88C598845}.DebugLive|Any CPU.ActiveCfg = Debug|Any CPU
		{42304E3C-019F-4E3D-9A5F-0CB88C598845}.DebugLive|Any CPU.Build.0 = Debug|Any CPU
		{42304E3C-019F-4E3D-9A5F-0CB88C598845}.DebugTest|Any CPU.ActiveCfg = Debug|Any CPU
		{42304E3C-019F-4E3D-9A5F-0CB88C598845}.DebugTest|Any CPU.Build.0 = Debug|Any CPU
		{42304E3C-019F-4E3D-9A5F-0CB88C598845}.DiscordAlpha|Any CPU.ActiveCfg = Debug|Any CPU
		{42304E3C-019F-4E3D-9A5F-0CB88C598845}.DiscordAlpha|Any CPU.Build.0 = Debug|Any CPU
		{42304E3C-019F-4E3D-9A5F-0CB88C598845}.DiscordLive|Any CPU.ActiveCfg = Debug|Any CPU
		{42304E3C-019F-4E3D-9A5F-0CB88C598845}.DiscordLive|Any CPU.Build.0 = Debug|Any CPU
		{42304E3C-019F-4E3D-9A5F-0CB88C598845}.KikLive|Any CPU.ActiveCfg = Debug|Any CPU
		{42304E3C-019F-4E3D-9A5F-0CB88C598845}.KikLive|Any CPU.Build.0 = Debug|Any CPU
		{42304E3C-019F-4E3D-9A5F-0CB88C598845}.Release|Any CPU.ActiveCfg = Release|Any CPU
		{42304E3C-019F-4E3D-9A5F-0CB88C598845}.Release|Any CPU.Build.0 = Release|Any CPU
		{42304E3C-019F-4E3D-9A5F-0CB88C598845}.TelegramDev|Any CPU.ActiveCfg = TelegramDev|Any CPU
		{42304E3C-019F-4E3D-9A5F-0CB88C598845}.TelegramDev|Any CPU.Build.0 = TelegramDev|Any CPU
		{1ADAC383-78F4-4F54-80CB-4401D7CD8338}.AdminSite|Any CPU.ActiveCfg = Debug|Any CPU
		{1ADAC383-78F4-4F54-80CB-4401D7CD8338}.AdminSite|Any CPU.Build.0 = Debug|Any CPU
		{1ADAC383-78F4-4F54-80CB-4401D7CD8338}.Debug|Any CPU.ActiveCfg = Debug|Any CPU
		{1ADAC383-78F4-4F54-80CB-4401D7CD8338}.Debug|Any CPU.Build.0 = Debug|Any CPU
		{1ADAC383-78F4-4F54-80CB-4401D7CD8338}.DebugLive|Any CPU.ActiveCfg = Debug|Any CPU
		{1ADAC383-78F4-4F54-80CB-4401D7CD8338}.DebugLive|Any CPU.Build.0 = Debug|Any CPU
		{1ADAC383-78F4-4F54-80CB-4401D7CD8338}.DebugTest|Any CPU.ActiveCfg = Debug|Any CPU
		{1ADAC383-78F4-4F54-80CB-4401D7CD8338}.DebugTest|Any CPU.Build.0 = Debug|Any CPU
		{1ADAC383-78F4-4F54-80CB-4401D7CD8338}.DiscordAlpha|Any CPU.ActiveCfg = Debug|Any CPU
		{1ADAC383-78F4-4F54-80CB-4401D7CD8338}.DiscordAlpha|Any CPU.Build.0 = Debug|Any CPU
		{1ADAC383-78F4-4F54-80CB-4401D7CD8338}.DiscordLive|Any CPU.ActiveCfg = Debug|Any CPU
		{1ADAC383-78F4-4F54-80CB-4401D7CD8338}.DiscordLive|Any CPU.Build.0 = Debug|Any CPU
		{1ADAC383-78F4-4F54-80CB-4401D7CD8338}.KikLive|Any CPU.ActiveCfg = Debug|Any CPU
		{1ADAC383-78F4-4F54-80CB-4401D7CD8338}.KikLive|Any CPU.Build.0 = Debug|Any CPU
		{1ADAC383-78F4-4F54-80CB-4401D7CD8338}.Release|Any CPU.ActiveCfg = Release|Any CPU
		{1ADAC383-78F4-4F54-80CB-4401D7CD8338}.Release|Any CPU.Build.0 = Release|Any CPU
		{1ADAC383-78F4-4F54-80CB-4401D7CD8338}.TelegramDev|Any CPU.ActiveCfg = TelegramDev|Any CPU
		{1ADAC383-78F4-4F54-80CB-4401D7CD8338}.TelegramDev|Any CPU.Build.0 = TelegramDev|Any CPU
		{582A05FE-3895-40EC-AFA7-AF389E987AD8}.AdminSite|Any CPU.ActiveCfg = Debug|Any CPU
		{582A05FE-3895-40EC-AFA7-AF389E987AD8}.AdminSite|Any CPU.Build.0 = Debug|Any CPU
		{582A05FE-3895-40EC-AFA7-AF389E987AD8}.Debug|Any CPU.ActiveCfg = Debug|Any CPU
		{582A05FE-3895-40EC-AFA7-AF389E987AD8}.Debug|Any CPU.Build.0 = Debug|Any CPU
		{582A05FE-3895-40EC-AFA7-AF389E987AD8}.DebugLive|Any CPU.ActiveCfg = Debug|Any CPU
		{582A05FE-3895-40EC-AFA7-AF389E987AD8}.DebugLive|Any CPU.Build.0 = Debug|Any CPU
		{582A05FE-3895-40EC-AFA7-AF389E987AD8}.DebugTest|Any CPU.ActiveCfg = Debug|Any CPU
		{582A05FE-3895-40EC-AFA7-AF389E987AD8}.DebugTest|Any CPU.Build.0 = Debug|Any CPU
		{582A05FE-3895-40EC-AFA7-AF389E987AD8}.DiscordAlpha|Any CPU.ActiveCfg = Debug|Any CPU
		{582A05FE-3895-40EC-AFA7-AF389E987AD8}.DiscordAlpha|Any CPU.Build.0 = Debug|Any CPU
		{582A05FE-3895-40EC-AFA7-AF389E987AD8}.DiscordLive|Any CPU.ActiveCfg = Debug|Any CPU
		{582A05FE-3895-40EC-AFA7-AF389E987AD8}.DiscordLive|Any CPU.Build.0 = Debug|Any CPU
		{582A05FE-3895-40EC-AFA7-AF389E987AD8}.KikLive|Any CPU.ActiveCfg = Debug|Any CPU
		{582A05FE-3895-40EC-AFA7-AF389E987AD8}.KikLive|Any CPU.Build.0 = Debug|Any CPU
		{582A05FE-3895-40EC-AFA7-AF389E987AD8}.Release|Any CPU.ActiveCfg = Release|Any CPU
		{582A05FE-3895-40EC-AFA7-AF389E987AD8}.Release|Any CPU.Build.0 = Release|Any CPU
		{582A05FE-3895-40EC-AFA7-AF389E987AD8}.TelegramDev|Any CPU.ActiveCfg = TelegramDev|Any CPU
		{582A05FE-3895-40EC-AFA7-AF389E987AD8}.TelegramDev|Any CPU.Build.0 = TelegramDev|Any CPU
		{F5AA983A-D237-467B-AF8C-5426A99EE74F}.AdminSite|Any CPU.ActiveCfg = Debug|Any CPU
		{F5AA983A-D237-467B-AF8C-5426A99EE74F}.AdminSite|Any CPU.Build.0 = Debug|Any CPU
		{F5AA983A-D237-467B-AF8C-5426A99EE74F}.Debug|Any CPU.ActiveCfg = Debug|Any CPU
		{F5AA983A-D237-467B-AF8C-5426A99EE74F}.Debug|Any CPU.Build.0 = Debug|Any CPU
		{F5AA983A-D237-467B-AF8C-5426A99EE74F}.DebugLive|Any CPU.ActiveCfg = Debug|Any CPU
		{F5AA983A-D237-467B-AF8C-5426A99EE74F}.DebugLive|Any CPU.Build.0 = Debug|Any CPU
		{F5AA983A-D237-467B-AF8C-5426A99EE74F}.DebugTest|Any CPU.ActiveCfg = Debug|Any CPU
		{F5AA983A-D237-467B-AF8C-5426A99EE74F}.DebugTest|Any CPU.Build.0 = Debug|Any CPU
		{F5AA983A-D237-467B-AF8C-5426A99EE74F}.DiscordAlpha|Any CPU.ActiveCfg = Debug|Any CPU
		{F5AA983A-D237-467B-AF8C-5426A99EE74F}.DiscordAlpha|Any CPU.Build.0 = Debug|Any CPU
		{F5AA983A-D237-467B-AF8C-5426A99EE74F}.DiscordLive|Any CPU.ActiveCfg = Debug|Any CPU
		{F5AA983A-D237-467B-AF8C-5426A99EE74F}.DiscordLive|Any CPU.Build.0 = Debug|Any CPU
		{F5AA983A-D237-467B-AF8C-5426A99EE74F}.KikLive|Any CPU.ActiveCfg = Debug|Any CPU
		{F5AA983A-D237-467B-AF8C-5426A99EE74F}.KikLive|Any CPU.Build.0 = Debug|Any CPU
		{F5AA983A-D237-467B-AF8C-5426A99EE74F}.Release|Any CPU.ActiveCfg = Release|Any CPU
		{F5AA983A-D237-467B-AF8C-5426A99EE74F}.Release|Any CPU.Build.0 = Release|Any CPU
		{F5AA983A-D237-467B-AF8C-5426A99EE74F}.TelegramDev|Any CPU.ActiveCfg = TelegramDev|Any CPU
		{F5AA983A-D237-467B-AF8C-5426A99EE74F}.TelegramDev|Any CPU.Build.0 = TelegramDev|Any CPU
		{30462049-3DD8-4981-AE31-4261CDF5629F}.AdminSite|Any CPU.ActiveCfg = Debug|Any CPU
		{30462049-3DD8-4981-AE31-4261CDF5629F}.AdminSite|Any CPU.Build.0 = Debug|Any CPU
		{30462049-3DD8-4981-AE31-4261CDF5629F}.Debug|Any CPU.ActiveCfg = Debug|Any CPU
		{30462049-3DD8-4981-AE31-4261CDF5629F}.Debug|Any CPU.Build.0 = Debug|Any CPU
		{30462049-3DD8-4981-AE31-4261CDF5629F}.DebugLive|Any CPU.ActiveCfg = Debug|Any CPU
		{30462049-3DD8-4981-AE31-4261CDF5629F}.DebugLive|Any CPU.Build.0 = Debug|Any CPU
		{30462049-3DD8-4981-AE31-4261CDF5629F}.DebugTest|Any CPU.ActiveCfg = Debug|Any CPU
		{30462049-3DD8-4981-AE31-4261CDF5629F}.DebugTest|Any CPU.Build.0 = Debug|Any CPU
		{30462049-3DD8-4981-AE31-4261CDF5629F}.DiscordAlpha|Any CPU.ActiveCfg = Debug|Any CPU
		{30462049-3DD8-4981-AE31-4261CDF5629F}.DiscordAlpha|Any CPU.Build.0 = Debug|Any CPU
		{30462049-3DD8-4981-AE31-4261CDF5629F}.DiscordLive|Any CPU.ActiveCfg = Debug|Any CPU
		{30462049-3DD8-4981-AE31-4261CDF5629F}.DiscordLive|Any CPU.Build.0 = Debug|Any CPU
		{30462049-3DD8-4981-AE31-4261CDF5629F}.KikLive|Any CPU.ActiveCfg = Debug|Any CPU
		{30462049-3DD8-4981-AE31-4261CDF5629F}.KikLive|Any CPU.Build.0 = Debug|Any CPU
		{30462049-3DD8-4981-AE31-4261CDF5629F}.Release|Any CPU.ActiveCfg = Release|Any CPU
		{30462049-3DD8-4981-AE31-4261CDF5629F}.Release|Any CPU.Build.0 = Release|Any CPU
		{30462049-3DD8-4981-AE31-4261CDF5629F}.TelegramDev|Any CPU.ActiveCfg = TelegramDev|Any CPU
		{30462049-3DD8-4981-AE31-4261CDF5629F}.TelegramDev|Any CPU.Build.0 = TelegramDev|Any CPU
		{DE15729F-1F82-4AF2-8321-666F3586D6B1}.AdminSite|Any CPU.ActiveCfg = Debug|Any CPU
		{DE15729F-1F82-4AF2-8321-666F3586D6B1}.AdminSite|Any CPU.Build.0 = Debug|Any CPU
		{DE15729F-1F82-4AF2-8321-666F3586D6B1}.Debug|Any CPU.ActiveCfg = Debug|Any CPU
		{DE15729F-1F82-4AF2-8321-666F3586D6B1}.Debug|Any CPU.Build.0 = Debug|Any CPU
		{DE15729F-1F82-4AF2-8321-666F3586D6B1}.DebugLive|Any CPU.ActiveCfg = Debug|Any CPU
		{DE15729F-1F82-4AF2-8321-666F3586D6B1}.DebugLive|Any CPU.Build.0 = Debug|Any CPU
		{DE15729F-1F82-4AF2-8321-666F3586D6B1}.DebugTest|Any CPU.ActiveCfg = Debug|Any CPU
		{DE15729F-1F82-4AF2-8321-666F3586D6B1}.DebugTest|Any CPU.Build.0 = Debug|Any CPU
		{DE15729F-1F82-4AF2-8321-666F3586D6B1}.DiscordAlpha|Any CPU.ActiveCfg = Debug|Any CPU
		{DE15729F-1F82-4AF2-8321-666F3586D6B1}.DiscordAlpha|Any CPU.Build.0 = Debug|Any CPU
		{DE15729F-1F82-4AF2-8321-666F3586D6B1}.DiscordLive|Any CPU.ActiveCfg = Debug|Any CPU
		{DE15729F-1F82-4AF2-8321-666F3586D6B1}.DiscordLive|Any CPU.Build.0 = Debug|Any CPU
		{DE15729F-1F82-4AF2-8321-666F3586D6B1}.KikLive|Any CPU.ActiveCfg = Debug|Any CPU
		{DE15729F-1F82-4AF2-8321-666F3586D6B1}.KikLive|Any CPU.Build.0 = Debug|Any CPU
		{DE15729F-1F82-4AF2-8321-666F3586D6B1}.Release|Any CPU.ActiveCfg = Release|Any CPU
		{DE15729F-1F82-4AF2-8321-666F3586D6B1}.Release|Any CPU.Build.0 = Release|Any CPU
		{DE15729F-1F82-4AF2-8321-666F3586D6B1}.TelegramDev|Any CPU.ActiveCfg = Debug|Any CPU
		{DE15729F-1F82-4AF2-8321-666F3586D6B1}.TelegramDev|Any CPU.Build.0 = Debug|Any CPU
		{84DA3D0C-5FB5-4A0D-B834-D4AB412949D0}.AdminSite|Any CPU.ActiveCfg = Debug|Any CPU
		{84DA3D0C-5FB5-4A0D-B834-D4AB412949D0}.AdminSite|Any CPU.Build.0 = Debug|Any CPU
		{84DA3D0C-5FB5-4A0D-B834-D4AB412949D0}.Debug|Any CPU.ActiveCfg = Debug|Any CPU
		{84DA3D0C-5FB5-4A0D-B834-D4AB412949D0}.Debug|Any CPU.Build.0 = Debug|Any CPU
		{84DA3D0C-5FB5-4A0D-B834-D4AB412949D0}.DebugLive|Any CPU.ActiveCfg = Debug|Any CPU
		{84DA3D0C-5FB5-4A0D-B834-D4AB412949D0}.DebugLive|Any CPU.Build.0 = Debug|Any CPU
		{84DA3D0C-5FB5-4A0D-B834-D4AB412949D0}.DebugTest|Any CPU.ActiveCfg = Debug|Any CPU
		{84DA3D0C-5FB5-4A0D-B834-D4AB412949D0}.DebugTest|Any CPU.Build.0 = Debug|Any CPU
		{84DA3D0C-5FB5-4A0D-B834-D4AB412949D0}.DiscordAlpha|Any CPU.ActiveCfg = Debug|Any CPU
		{84DA3D0C-5FB5-4A0D-B834-D4AB412949D0}.DiscordAlpha|Any CPU.Build.0 = Debug|Any CPU
		{84DA3D0C-5FB5-4A0D-B834-D4AB412949D0}.DiscordLive|Any CPU.ActiveCfg = Debug|Any CPU
		{84DA3D0C-5FB5-4A0D-B834-D4AB412949D0}.DiscordLive|Any CPU.Build.0 = Debug|Any CPU
		{84DA3D0C-5FB5-4A0D-B834-D4AB412949D0}.KikLive|Any CPU.ActiveCfg = Debug|Any CPU
		{84DA3D0C-5FB5-4A0D-B834-D4AB412949D0}.KikLive|Any CPU.Build.0 = Debug|Any CPU
		{84DA3D0C-5FB5-4A0D-B834-D4AB412949D0}.Release|Any CPU.ActiveCfg = Release|Any CPU
		{84DA3D0C-5FB5-4A0D-B834-D4AB412949D0}.Release|Any CPU.Build.0 = Release|Any CPU
		{84DA3D0C-5FB5-4A0D-B834-D4AB412949D0}.TelegramDev|Any CPU.ActiveCfg = Debug|Any CPU
		{84DA3D0C-5FB5-4A0D-B834-D4AB412949D0}.TelegramDev|Any CPU.Build.0 = Debug|Any CPU
		{57AFE84B-A80F-42D1-9B59-20822C90D01A}.AdminSite|Any CPU.ActiveCfg = Debug|Any CPU
		{57AFE84B-A80F-42D1-9B59-20822C90D01A}.AdminSite|Any CPU.Build.0 = Debug|Any CPU
		{57AFE84B-A80F-42D1-9B59-20822C90D01A}.Debug|Any CPU.ActiveCfg = Debug|Any CPU
		{57AFE84B-A80F-42D1-9B59-20822C90D01A}.Debug|Any CPU.Build.0 = Debug|Any CPU
		{57AFE84B-A80F-42D1-9B59-20822C90D01A}.DebugLive|Any CPU.ActiveCfg = Debug|Any CPU
		{57AFE84B-A80F-42D1-9B59-20822C90D01A}.DebugLive|Any CPU.Build.0 = Debug|Any CPU
		{57AFE84B-A80F-42D1-9B59-20822C90D01A}.DebugTest|Any CPU.ActiveCfg = Debug|Any CPU
		{57AFE84B-A80F-42D1-9B59-20822C90D01A}.DebugTest|Any CPU.Build.0 = Debug|Any CPU
		{57AFE84B-A80F-42D1-9B59-20822C90D01A}.DiscordAlpha|Any CPU.ActiveCfg = Debug|Any CPU
		{57AFE84B-A80F-42D1-9B59-20822C90D01A}.DiscordAlpha|Any CPU.Build.0 = Debug|Any CPU
		{57AFE84B-A80F-42D1-9B59-20822C90D01A}.DiscordLive|Any CPU.ActiveCfg = Debug|Any CPU
		{57AFE84B-A80F-42D1-9B59-20822C90D01A}.DiscordLive|Any CPU.Build.0 = Debug|Any CPU
		{57AFE84B-A80F-42D1-9B59-20822C90D01A}.KikLive|Any CPU.ActiveCfg = Debug|Any CPU
		{57AFE84B-A80F-42D1-9B59-20822C90D01A}.KikLive|Any CPU.Build.0 = Debug|Any CPU
		{57AFE84B-A80F-42D1-9B59-20822C90D01A}.Release|Any CPU.ActiveCfg = Release|Any CPU
		{57AFE84B-A80F-42D1-9B59-20822C90D01A}.Release|Any CPU.Build.0 = Release|Any CPU
		{57AFE84B-A80F-42D1-9B59-20822C90D01A}.TelegramDev|Any CPU.ActiveCfg = TelegramDev|Any CPU
		{57AFE84B-A80F-42D1-9B59-20822C90D01A}.TelegramDev|Any CPU.Build.0 = TelegramDev|Any CPU
		{BC703AF7-D622-4E0D-AA6B-552398DBB9DF}.AdminSite|Any CPU.ActiveCfg = Debug|Any CPU
		{BC703AF7-D622-4E0D-AA6B-552398DBB9DF}.AdminSite|Any CPU.Build.0 = Debug|Any CPU
		{BC703AF7-D622-4E0D-AA6B-552398DBB9DF}.Debug|Any CPU.ActiveCfg = Debug|Any CPU
		{BC703AF7-D622-4E0D-AA6B-552398DBB9DF}.Debug|Any CPU.Build.0 = Debug|Any CPU
		{BC703AF7-D622-4E0D-AA6B-552398DBB9DF}.DebugLive|Any CPU.ActiveCfg = Debug|Any CPU
		{BC703AF7-D622-4E0D-AA6B-552398DBB9DF}.DebugLive|Any CPU.Build.0 = Debug|Any CPU
		{BC703AF7-D622-4E0D-AA6B-552398DBB9DF}.DebugTest|Any CPU.ActiveCfg = Debug|Any CPU
		{BC703AF7-D622-4E0D-AA6B-552398DBB9DF}.DebugTest|Any CPU.Build.0 = Debug|Any CPU
		{BC703AF7-D622-4E0D-AA6B-552398DBB9DF}.DiscordAlpha|Any CPU.ActiveCfg = Debug|Any CPU
		{BC703AF7-D622-4E0D-AA6B-552398DBB9DF}.DiscordAlpha|Any CPU.Build.0 = Debug|Any CPU
		{BC703AF7-D622-4E0D-AA6B-552398DBB9DF}.DiscordLive|Any CPU.ActiveCfg = Debug|Any CPU
		{BC703AF7-D622-4E0D-AA6B-552398DBB9DF}.DiscordLive|Any CPU.Build.0 = Debug|Any CPU
		{BC703AF7-D622-4E0D-AA6B-552398DBB9DF}.KikLive|Any CPU.ActiveCfg = Debug|Any CPU
		{BC703AF7-D622-4E0D-AA6B-552398DBB9DF}.KikLive|Any CPU.Build.0 = Debug|Any CPU
		{BC703AF7-D622-4E0D-AA6B-552398DBB9DF}.Release|Any CPU.ActiveCfg = Release|Any CPU
		{BC703AF7-D622-4E0D-AA6B-552398DBB9DF}.Release|Any CPU.Build.0 = Release|Any CPU
		{BC703AF7-D622-4E0D-AA6B-552398DBB9DF}.TelegramDev|Any CPU.ActiveCfg = TelegramDev|Any CPU
		{BC703AF7-D622-4E0D-AA6B-552398DBB9DF}.TelegramDev|Any CPU.Build.0 = TelegramDev|Any CPU
		{FCD3B84C-6B5F-4E75-B37B-B9D79910F78E}.AdminSite|Any CPU.ActiveCfg = Debug|Any CPU
		{FCD3B84C-6B5F-4E75-B37B-B9D79910F78E}.AdminSite|Any CPU.Build.0 = Debug|Any CPU
		{FCD3B84C-6B5F-4E75-B37B-B9D79910F78E}.Debug|Any CPU.ActiveCfg = Debug|Any CPU
		{FCD3B84C-6B5F-4E75-B37B-B9D79910F78E}.Debug|Any CPU.Build.0 = Debug|Any CPU
		{FCD3B84C-6B5F-4E75-B37B-B9D79910F78E}.DebugLive|Any CPU.ActiveCfg = Debug|Any CPU
		{FCD3B84C-6B5F-4E75-B37B-B9D79910F78E}.DebugLive|Any CPU.Build.0 = Debug|Any CPU
		{FCD3B84C-6B5F-4E75-B37B-B9D79910F78E}.DebugTest|Any CPU.ActiveCfg = Debug|Any CPU
		{FCD3B84C-6B5F-4E75-B37B-B9D79910F78E}.DebugTest|Any CPU.Build.0 = Debug|Any CPU
		{FCD3B84C-6B5F-4E75-B37B-B9D79910F78E}.DiscordAlpha|Any CPU.ActiveCfg = Debug|Any CPU
		{FCD3B84C-6B5F-4E75-B37B-B9D79910F78E}.DiscordAlpha|Any CPU.Build.0 = Debug|Any CPU
		{FCD3B84C-6B5F-4E75-B37B-B9D79910F78E}.DiscordLive|Any CPU.ActiveCfg = Debug|Any CPU
		{FCD3B84C-6B5F-4E75-B37B-B9D79910F78E}.DiscordLive|Any CPU.Build.0 = Debug|Any CPU
		{FCD3B84C-6B5F-4E75-B37B-B9D79910F78E}.KikLive|Any CPU.ActiveCfg = Debug|Any CPU
		{FCD3B84C-6B5F-4E75-B37B-B9D79910F78E}.KikLive|Any CPU.Build.0 = Debug|Any CPU
		{FCD3B84C-6B5F-4E75-B37B-B9D79910F78E}.Release|Any CPU.ActiveCfg = Release|Any CPU
		{FCD3B84C-6B5F-4E75-B37B-B9D79910F78E}.Release|Any CPU.Build.0 = Release|Any CPU
		{FCD3B84C-6B5F-4E75-B37B-B9D79910F78E}.TelegramDev|Any CPU.ActiveCfg = Debug|Any CPU
		{FCD3B84C-6B5F-4E75-B37B-B9D79910F78E}.TelegramDev|Any CPU.Build.0 = Debug|Any CPU
	EndGlobalSection
	GlobalSection(SolutionProperties) = preSolution
		HideSolutionNode = FALSE
	EndGlobalSection
	GlobalSection(ExtensibilityGlobals) = postSolution
		SolutionGuid = {1550B6D6-01EF-469B-9D0E-386FF87E1264}
	EndGlobalSection
EndGlobal
