
Microsoft Visual Studio Solution File, Format Version 12.00
# Visual Studio Version 17
VisualStudioVersion = 17.1.32319.34
MinimumVisualStudioVersion = 10.0.40219.1
Project("{9A19103F-16F7-4668-BE54-9A1E7A4F7556}") = "PublicSite.Client", "PublicSite\Client\PublicSite.Client.csproj", "{B4353737-484E-429B-B705-A65587A34118}"
EndProject
Project("{9A19103F-16F7-4668-BE54-9A1E7A4F7556}") = "PublicSite.Server", "PublicSite\Server\PublicSite.Server.csproj", "{77493316-704B-40C2-A821-E5831B95B2AF}"
EndProject
Project("{9A19103F-16F7-4668-BE54-9A1E7A4F7556}") = "InterfurCreations.AdventureGames.Configuration", "..\AdventureGameCore\InterfurCreations.AdventureGames.Configuration\InterfurCreations.AdventureGames.Configuration.csproj", "{D0B7F741-1AAB-40C6-A0D4-E8A95163A725}"
EndProject
Project("{9A19103F-16F7-4668-BE54-9A1E7A4F7556}") = "InterfurCreations.AdventureGames.Core", "..\AdventureGameCore\InterfurCreations.AdventureGames.Core\InterfurCreations.AdventureGames.Core.csproj", "{DE830733-A211-475B-B941-AF28385F0532}"
EndProject
Project("{9A19103F-16F7-4668-BE54-9A1E7A4F7556}") = "InterfurCreations.AdventureGames.Database", "..\AdventureGameCore\InterfurCreations.AdventureGames.Database\InterfurCreations.AdventureGames.Database.csproj", "{2DF2D69A-AEB3-4001-AFA9-08FB24A3EC63}"
EndProject
Project("{9A19103F-16F7-4668-BE54-9A1E7A4F7556}") = "InterfurCreations.AdventureGames.DatabaseServices", "..\AdventureGameCore\InterfurCreations.AdventureGames.DatabaseServices\InterfurCreations.AdventureGames.DatabaseServices.csproj", "{AC90624F-DFC3-49A7-BFF8-30CE9A2E37F2}"
EndProject
Project("{9A19103F-16F7-4668-BE54-9A1E7A4F7556}") = "InterfurCreations.AdventureGames.Exceptions", "..\AdventureGameCore\InterfurCreations.AdventureGames.Exceptions\InterfurCreations.AdventureGames.Exceptions.csproj", "{EE14A1F3-8BE1-42E0-8216-07DDC4B7641A}"
EndProject
Project("{9A19103F-16F7-4668-BE54-9A1E7A4F7556}") = "InterfurCreations.AdventureGames.GameLanguage", "..\AdventureGameCore\InterfurCreations.AdventureGames.GameLanguage\InterfurCreations.AdventureGames.GameLanguage.csproj", "{9D0D938A-B636-49D8-A39B-40D110411FBC}"
EndProject
Project("{9A19103F-16F7-4668-BE54-9A1E7A4F7556}") = "InterfurCreations.AdventureGames.Graph", "..\AdventureGameCore\InterfurCreations.AdventureGames.Graph\InterfurCreations.AdventureGames.Graph.csproj", "{79FFD3E4-56DC-4D85-ADE2-2F99C66E2EC4}"
EndProject
Project("{9A19103F-16F7-4668-BE54-9A1E7A4F7556}") = "InterfurCreations.AdventureGames.Services", "..\AdventureGameCore\InterfurCreations.AdventureGames.Services\InterfurCreations.AdventureGames.Services.csproj", "{53355CF8-0FA8-46D1-8F0B-A3856A27457F}"
EndProject
Project("{9A19103F-16F7-4668-BE54-9A1E7A4F7556}") = "InterfurCreations.AdventureGames.SlackReporter", "..\AdventureGameCore\InterfurCreations.AdventureGames.SlackReporter\InterfurCreations.AdventureGames.SlackReporter.csproj", "{5898B634-7715-4A9C-9AB1-A270AD08399C}"
EndProject
Project("{9A19103F-16F7-4668-BE54-9A1E7A4F7556}") = "InterfurCreations.AdventureGames.Core.DataObjects", "..\AdventureGameCore\InterfurCreations.AdventureGames.Core.DataObjects\InterfurCreations.AdventureGames.Core.DataObjects.csproj", "{147416A9-245C-42CD-B99C-1B266719CC38}"
EndProject
Project("{9A19103F-16F7-4668-BE54-9A1E7A4F7556}") = "InterfurCreations.AdventureGames.Graph.Store", "..\AdventureGameCore\InterfurCreations.AdventureGames.Graph.Store\InterfurCreations.AdventureGames.Graph.Store.csproj", "{7EBD943A-382C-4BEB-8BC3-0B026973B02C}"
EndProject
Project("{9A19103F-16F7-4668-BE54-9A1E7A4F7556}") = "InterfurCreations.AdventureGames.Logging", "..\AdventureGameCore\InterfurCreations.AdventureGames.Logging\InterfurCreations.AdventureGames.Logging.csproj", "{AFC66F71-1A46-4B56-9167-A7A99303BD23}"
EndProject
Project("{9A19103F-16F7-4668-BE54-9A1E7A4F7556}") = "InterfurCreations.AdventureGames.OpenAI", "..\AdventureGameCore\InterfurCreations.AdventureGames.OpenAI\InterfurCreations.AdventureGames.OpenAI.csproj", "{E9439602-A2B5-4881-9B28-82907F77B6E7}"
EndProject
Global
	GlobalSection(SolutionConfigurationPlatforms) = preSolution
		Debug|Any CPU = Debug|Any CPU
		DebugAlpha|Any CPU = DebugAlpha|Any CPU
		Release|Any CPU = Release|Any CPU
		ReleaseLive|Any CPU = ReleaseLive|Any CPU
		TelegramDev|Any CPU = TelegramDev|Any CPU
	EndGlobalSection
	GlobalSection(ProjectConfigurationPlatforms) = postSolution
		{B4353737-484E-429B-B705-A65587A34118}.Debug|Any CPU.ActiveCfg = Debug|Any CPU
		{B4353737-484E-429B-B705-A65587A34118}.Debug|Any CPU.Build.0 = Debug|Any CPU
		{B4353737-484E-429B-B705-A65587A34118}.DebugAlpha|Any CPU.ActiveCfg = DebugAlpha|Any CPU
		{B4353737-484E-429B-B705-A65587A34118}.DebugAlpha|Any CPU.Build.0 = DebugAlpha|Any CPU
		{B4353737-484E-429B-B705-A65587A34118}.Release|Any CPU.ActiveCfg = Release|Any CPU
		{B4353737-484E-429B-B705-A65587A34118}.Release|Any CPU.Build.0 = Release|Any CPU
		{B4353737-484E-429B-B705-A65587A34118}.ReleaseLive|Any CPU.ActiveCfg = ReleaseLive|Any CPU
		{B4353737-484E-429B-B705-A65587A34118}.ReleaseLive|Any CPU.Build.0 = ReleaseLive|Any CPU
		{B4353737-484E-429B-B705-A65587A34118}.TelegramDev|Any CPU.ActiveCfg = Release|Any CPU
		{B4353737-484E-429B-B705-A65587A34118}.TelegramDev|Any CPU.Build.0 = Release|Any CPU
		{77493316-704B-40C2-A821-E5831B95B2AF}.Debug|Any CPU.ActiveCfg = Debug|Any CPU
		{77493316-704B-40C2-A821-E5831B95B2AF}.Debug|Any CPU.Build.0 = Debug|Any CPU
		{77493316-704B-40C2-A821-E5831B95B2AF}.DebugAlpha|Any CPU.ActiveCfg = DebugAlpha|Any CPU
		{77493316-704B-40C2-A821-E5831B95B2AF}.DebugAlpha|Any CPU.Build.0 = DebugAlpha|Any CPU
		{77493316-704B-40C2-A821-E5831B95B2AF}.Release|Any CPU.ActiveCfg = Release|Any CPU
		{77493316-704B-40C2-A821-E5831B95B2AF}.Release|Any CPU.Build.0 = Release|Any CPU
		{77493316-704B-40C2-A821-E5831B95B2AF}.ReleaseLive|Any CPU.ActiveCfg = ReleaseLive|Any CPU
		{77493316-704B-40C2-A821-E5831B95B2AF}.ReleaseLive|Any CPU.Build.0 = ReleaseLive|Any CPU
		{77493316-704B-40C2-A821-E5831B95B2AF}.TelegramDev|Any CPU.ActiveCfg = Debug|Any CPU
		{77493316-704B-40C2-A821-E5831B95B2AF}.TelegramDev|Any CPU.Build.0 = Debug|Any CPU
		{D0B7F741-1AAB-40C6-A0D4-E8A95163A725}.Debug|Any CPU.ActiveCfg = Debug|Any CPU
		{D0B7F741-1AAB-40C6-A0D4-E8A95163A725}.Debug|Any CPU.Build.0 = Debug|Any CPU
		{D0B7F741-1AAB-40C6-A0D4-E8A95163A725}.DebugAlpha|Any CPU.ActiveCfg = DebugAlpha|Any CPU
		{D0B7F741-1AAB-40C6-A0D4-E8A95163A725}.DebugAlpha|Any CPU.Build.0 = DebugAlpha|Any CPU
		{D0B7F741-1AAB-40C6-A0D4-E8A95163A725}.Release|Any CPU.ActiveCfg = Release|Any CPU
		{D0B7F741-1AAB-40C6-A0D4-E8A95163A725}.Release|Any CPU.Build.0 = Release|Any CPU
		{D0B7F741-1AAB-40C6-A0D4-E8A95163A725}.ReleaseLive|Any CPU.ActiveCfg = ReleaseLive|Any CPU
		{D0B7F741-1AAB-40C6-A0D4-E8A95163A725}.ReleaseLive|Any CPU.Build.0 = ReleaseLive|Any CPU
		{D0B7F741-1AAB-40C6-A0D4-E8A95163A725}.TelegramDev|Any CPU.ActiveCfg = TelegramDev|Any CPU
		{D0B7F741-1AAB-40C6-A0D4-E8A95163A725}.TelegramDev|Any CPU.Build.0 = TelegramDev|Any CPU
		{DE830733-A211-475B-B941-AF28385F0532}.Debug|Any CPU.ActiveCfg = Debug|Any CPU
		{DE830733-A211-475B-B941-AF28385F0532}.Debug|Any CPU.Build.0 = Debug|Any CPU
		{DE830733-A211-475B-B941-AF28385F0532}.DebugAlpha|Any CPU.ActiveCfg = DebugAlpha|Any CPU
		{DE830733-A211-475B-B941-AF28385F0532}.DebugAlpha|Any CPU.Build.0 = DebugAlpha|Any CPU
		{DE830733-A211-475B-B941-AF28385F0532}.Release|Any CPU.ActiveCfg = Release|Any CPU
		{DE830733-A211-475B-B941-AF28385F0532}.Release|Any CPU.Build.0 = Release|Any CPU
		{DE830733-A211-475B-B941-AF28385F0532}.ReleaseLive|Any CPU.ActiveCfg = ReleaseLive|Any CPU
		{DE830733-A211-475B-B941-AF28385F0532}.ReleaseLive|Any CPU.Build.0 = ReleaseLive|Any CPU
		{DE830733-A211-475B-B941-AF28385F0532}.TelegramDev|Any CPU.ActiveCfg = TelegramDev|Any CPU
		{DE830733-A211-475B-B941-AF28385F0532}.TelegramDev|Any CPU.Build.0 = TelegramDev|Any CPU
		{2DF2D69A-AEB3-4001-AFA9-08FB24A3EC63}.Debug|Any CPU.ActiveCfg = Debug|Any CPU
		{2DF2D69A-AEB3-4001-AFA9-08FB24A3EC63}.Debug|Any CPU.Build.0 = Debug|Any CPU
		{2DF2D69A-AEB3-4001-AFA9-08FB24A3EC63}.DebugAlpha|Any CPU.ActiveCfg = DebugAlpha|Any CPU
		{2DF2D69A-AEB3-4001-AFA9-08FB24A3EC63}.DebugAlpha|Any CPU.Build.0 = DebugAlpha|Any CPU
		{2DF2D69A-AEB3-4001-AFA9-08FB24A3EC63}.Release|Any CPU.ActiveCfg = Release|Any CPU
		{2DF2D69A-AEB3-4001-AFA9-08FB24A3EC63}.Release|Any CPU.Build.0 = Release|Any CPU
		{2DF2D69A-AEB3-4001-AFA9-08FB24A3EC63}.ReleaseLive|Any CPU.ActiveCfg = ReleaseLive|Any CPU
		{2DF2D69A-AEB3-4001-AFA9-08FB24A3EC63}.ReleaseLive|Any CPU.Build.0 = ReleaseLive|Any CPU
		{2DF2D69A-AEB3-4001-AFA9-08FB24A3EC63}.TelegramDev|Any CPU.ActiveCfg = TelegramDev|Any CPU
		{2DF2D69A-AEB3-4001-AFA9-08FB24A3EC63}.TelegramDev|Any CPU.Build.0 = TelegramDev|Any CPU
		{AC90624F-DFC3-49A7-BFF8-30CE9A2E37F2}.Debug|Any CPU.ActiveCfg = Debug|Any CPU
		{AC90624F-DFC3-49A7-BFF8-30CE9A2E37F2}.Debug|Any CPU.Build.0 = Debug|Any CPU
		{AC90624F-DFC3-49A7-BFF8-30CE9A2E37F2}.DebugAlpha|Any CPU.ActiveCfg = DebugAlpha|Any CPU
		{AC90624F-DFC3-49A7-BFF8-30CE9A2E37F2}.DebugAlpha|Any CPU.Build.0 = DebugAlpha|Any CPU
		{AC90624F-DFC3-49A7-BFF8-30CE9A2E37F2}.Release|Any CPU.ActiveCfg = Release|Any CPU
		{AC90624F-DFC3-49A7-BFF8-30CE9A2E37F2}.Release|Any CPU.Build.0 = Release|Any CPU
		{AC90624F-DFC3-49A7-BFF8-30CE9A2E37F2}.ReleaseLive|Any CPU.ActiveCfg = ReleaseLive|Any CPU
		{AC90624F-DFC3-49A7-BFF8-30CE9A2E37F2}.ReleaseLive|Any CPU.Build.0 = ReleaseLive|Any CPU
		{AC90624F-DFC3-49A7-BFF8-30CE9A2E37F2}.TelegramDev|Any CPU.ActiveCfg = TelegramDev|Any CPU
		{AC90624F-DFC3-49A7-BFF8-30CE9A2E37F2}.TelegramDev|Any CPU.Build.0 = TelegramDev|Any CPU
		{EE14A1F3-8BE1-42E0-8216-07DDC4B7641A}.Debug|Any CPU.ActiveCfg = Debug|Any CPU
		{EE14A1F3-8BE1-42E0-8216-07DDC4B7641A}.Debug|Any CPU.Build.0 = Debug|Any CPU
		{EE14A1F3-8BE1-42E0-8216-07DDC4B7641A}.DebugAlpha|Any CPU.ActiveCfg = DebugAlpha|Any CPU
		{EE14A1F3-8BE1-42E0-8216-07DDC4B7641A}.DebugAlpha|Any CPU.Build.0 = DebugAlpha|Any CPU
		{EE14A1F3-8BE1-42E0-8216-07DDC4B7641A}.Release|Any CPU.ActiveCfg = Release|Any CPU
		{EE14A1F3-8BE1-42E0-8216-07DDC4B7641A}.Release|Any CPU.Build.0 = Release|Any CPU
		{EE14A1F3-8BE1-42E0-8216-07DDC4B7641A}.ReleaseLive|Any CPU.ActiveCfg = ReleaseLive|Any CPU
		{EE14A1F3-8BE1-42E0-8216-07DDC4B7641A}.ReleaseLive|Any CPU.Build.0 = ReleaseLive|Any CPU
		{EE14A1F3-8BE1-42E0-8216-07DDC4B7641A}.TelegramDev|Any CPU.ActiveCfg = TelegramDev|Any CPU
		{EE14A1F3-8BE1-42E0-8216-07DDC4B7641A}.TelegramDev|Any CPU.Build.0 = TelegramDev|Any CPU
		{9D0D938A-B636-49D8-A39B-40D110411FBC}.Debug|Any CPU.ActiveCfg = Debug|Any CPU
		{9D0D938A-B636-49D8-A39B-40D110411FBC}.Debug|Any CPU.Build.0 = Debug|Any CPU
		{9D0D938A-B636-49D8-A39B-40D110411FBC}.DebugAlpha|Any CPU.ActiveCfg = DebugAlpha|Any CPU
		{9D0D938A-B636-49D8-A39B-40D110411FBC}.DebugAlpha|Any CPU.Build.0 = DebugAlpha|Any CPU
		{9D0D938A-B636-49D8-A39B-40D110411FBC}.Release|Any CPU.ActiveCfg = Release|Any CPU
		{9D0D938A-B636-49D8-A39B-40D110411FBC}.Release|Any CPU.Build.0 = Release|Any CPU
		{9D0D938A-B636-49D8-A39B-40D110411FBC}.ReleaseLive|Any CPU.ActiveCfg = ReleaseLive|Any CPU
		{9D0D938A-B636-49D8-A39B-40D110411FBC}.ReleaseLive|Any CPU.Build.0 = ReleaseLive|Any CPU
		{9D0D938A-B636-49D8-A39B-40D110411FBC}.TelegramDev|Any CPU.ActiveCfg = TelegramDev|Any CPU
		{9D0D938A-B636-49D8-A39B-40D110411FBC}.TelegramDev|Any CPU.Build.0 = TelegramDev|Any CPU
		{79FFD3E4-56DC-4D85-ADE2-2F99C66E2EC4}.Debug|Any CPU.ActiveCfg = Debug|Any CPU
		{79FFD3E4-56DC-4D85-ADE2-2F99C66E2EC4}.Debug|Any CPU.Build.0 = Debug|Any CPU
		{79FFD3E4-56DC-4D85-ADE2-2F99C66E2EC4}.DebugAlpha|Any CPU.ActiveCfg = DebugAlpha|Any CPU
		{79FFD3E4-56DC-4D85-ADE2-2F99C66E2EC4}.DebugAlpha|Any CPU.Build.0 = DebugAlpha|Any CPU
		{79FFD3E4-56DC-4D85-ADE2-2F99C66E2EC4}.Release|Any CPU.ActiveCfg = Release|Any CPU
		{79FFD3E4-56DC-4D85-ADE2-2F99C66E2EC4}.Release|Any CPU.Build.0 = Release|Any CPU
		{79FFD3E4-56DC-4D85-ADE2-2F99C66E2EC4}.ReleaseLive|Any CPU.ActiveCfg = ReleaseLive|Any CPU
		{79FFD3E4-56DC-4D85-ADE2-2F99C66E2EC4}.ReleaseLive|Any CPU.Build.0 = ReleaseLive|Any CPU
		{79FFD3E4-56DC-4D85-ADE2-2F99C66E2EC4}.TelegramDev|Any CPU.ActiveCfg = TelegramDev|Any CPU
		{79FFD3E4-56DC-4D85-ADE2-2F99C66E2EC4}.TelegramDev|Any CPU.Build.0 = TelegramDev|Any CPU
		{53355CF8-0FA8-46D1-8F0B-A3856A27457F}.Debug|Any CPU.ActiveCfg = Debug|Any CPU
		{53355CF8-0FA8-46D1-8F0B-A3856A27457F}.Debug|Any CPU.Build.0 = Debug|Any CPU
		{53355CF8-0FA8-46D1-8F0B-A3856A27457F}.DebugAlpha|Any CPU.ActiveCfg = DebugAlpha|Any CPU
		{53355CF8-0FA8-46D1-8F0B-A3856A27457F}.DebugAlpha|Any CPU.Build.0 = DebugAlpha|Any CPU
		{53355CF8-0FA8-46D1-8F0B-A3856A27457F}.Release|Any CPU.ActiveCfg = Release|Any CPU
		{53355CF8-0FA8-46D1-8F0B-A3856A27457F}.Release|Any CPU.Build.0 = Release|Any CPU
		{53355CF8-0FA8-46D1-8F0B-A3856A27457F}.ReleaseLive|Any CPU.ActiveCfg = ReleaseLive|Any CPU
		{53355CF8-0FA8-46D1-8F0B-A3856A27457F}.ReleaseLive|Any CPU.Build.0 = ReleaseLive|Any CPU
		{53355CF8-0FA8-46D1-8F0B-A3856A27457F}.TelegramDev|Any CPU.ActiveCfg = TelegramDev|Any CPU
		{53355CF8-0FA8-46D1-8F0B-A3856A27457F}.TelegramDev|Any CPU.Build.0 = TelegramDev|Any CPU
		{5898B634-7715-4A9C-9AB1-A270AD08399C}.Debug|Any CPU.ActiveCfg = Debug|Any CPU
		{5898B634-7715-4A9C-9AB1-A270AD08399C}.Debug|Any CPU.Build.0 = Debug|Any CPU
		{5898B634-7715-4A9C-9AB1-A270AD08399C}.DebugAlpha|Any CPU.ActiveCfg = DebugAlpha|Any CPU
		{5898B634-7715-4A9C-9AB1-A270AD08399C}.DebugAlpha|Any CPU.Build.0 = DebugAlpha|Any CPU
		{5898B634-7715-4A9C-9AB1-A270AD08399C}.Release|Any CPU.ActiveCfg = Release|Any CPU
		{5898B634-7715-4A9C-9AB1-A270AD08399C}.Release|Any CPU.Build.0 = Release|Any CPU
		{5898B634-7715-4A9C-9AB1-A270AD08399C}.ReleaseLive|Any CPU.ActiveCfg = ReleaseLive|Any CPU
		{5898B634-7715-4A9C-9AB1-A270AD08399C}.ReleaseLive|Any CPU.Build.0 = ReleaseLive|Any CPU
		{5898B634-7715-4A9C-9AB1-A270AD08399C}.TelegramDev|Any CPU.ActiveCfg = TelegramDev|Any CPU
		{5898B634-7715-4A9C-9AB1-A270AD08399C}.TelegramDev|Any CPU.Build.0 = TelegramDev|Any CPU
		{147416A9-245C-42CD-B99C-1B266719CC38}.Debug|Any CPU.ActiveCfg = Debug|Any CPU
		{147416A9-245C-42CD-B99C-1B266719CC38}.Debug|Any CPU.Build.0 = Debug|Any CPU
		{147416A9-245C-42CD-B99C-1B266719CC38}.DebugAlpha|Any CPU.ActiveCfg = DebugAlpha|Any CPU
		{147416A9-245C-42CD-B99C-1B266719CC38}.DebugAlpha|Any CPU.Build.0 = DebugAlpha|Any CPU
		{147416A9-245C-42CD-B99C-1B266719CC38}.Release|Any CPU.ActiveCfg = Release|Any CPU
		{147416A9-245C-42CD-B99C-1B266719CC38}.Release|Any CPU.Build.0 = Release|Any CPU
		{147416A9-245C-42CD-B99C-1B266719CC38}.ReleaseLive|Any CPU.ActiveCfg = ReleaseLive|Any CPU
		{147416A9-245C-42CD-B99C-1B266719CC38}.ReleaseLive|Any CPU.Build.0 = ReleaseLive|Any CPU
		{147416A9-245C-42CD-B99C-1B266719CC38}.TelegramDev|Any CPU.ActiveCfg = Debug|Any CPU
		{147416A9-245C-42CD-B99C-1B266719CC38}.TelegramDev|Any CPU.Build.0 = Debug|Any CPU
		{7EBD943A-382C-4BEB-8BC3-0B026973B02C}.Debug|Any CPU.ActiveCfg = Debug|Any CPU
		{7EBD943A-382C-4BEB-8BC3-0B026973B02C}.Debug|Any CPU.Build.0 = Debug|Any CPU
		{7EBD943A-382C-4BEB-8BC3-0B026973B02C}.DebugAlpha|Any CPU.ActiveCfg = DebugAlpha|Any CPU
		{7EBD943A-382C-4BEB-8BC3-0B026973B02C}.DebugAlpha|Any CPU.Build.0 = DebugAlpha|Any CPU
		{7EBD943A-382C-4BEB-8BC3-0B026973B02C}.Release|Any CPU.ActiveCfg = Release|Any CPU
		{7EBD943A-382C-4BEB-8BC3-0B026973B02C}.Release|Any CPU.Build.0 = Release|Any CPU
		{7EBD943A-382C-4BEB-8BC3-0B026973B02C}.ReleaseLive|Any CPU.ActiveCfg = ReleaseLive|Any CPU
		{7EBD943A-382C-4BEB-8BC3-0B026973B02C}.ReleaseLive|Any CPU.Build.0 = ReleaseLive|Any CPU
		{7EBD943A-382C-4BEB-8BC3-0B026973B02C}.TelegramDev|Any CPU.ActiveCfg = Debug|Any CPU
		{7EBD943A-382C-4BEB-8BC3-0B026973B02C}.TelegramDev|Any CPU.Build.0 = Debug|Any CPU
		{AFC66F71-1A46-4B56-9167-A7A99303BD23}.Debug|Any CPU.ActiveCfg = Debug|Any CPU
		{AFC66F71-1A46-4B56-9167-A7A99303BD23}.Debug|Any CPU.Build.0 = Debug|Any CPU
		{AFC66F71-1A46-4B56-9167-A7A99303BD23}.DebugAlpha|Any CPU.ActiveCfg = DebugAlpha|Any CPU
		{AFC66F71-1A46-4B56-9167-A7A99303BD23}.DebugAlpha|Any CPU.Build.0 = DebugAlpha|Any CPU
		{AFC66F71-1A46-4B56-9167-A7A99303BD23}.Release|Any CPU.ActiveCfg = Release|Any CPU
		{AFC66F71-1A46-4B56-9167-A7A99303BD23}.Release|Any CPU.Build.0 = Release|Any CPU
		{AFC66F71-1A46-4B56-9167-A7A99303BD23}.ReleaseLive|Any CPU.ActiveCfg = ReleaseLive|Any CPU
		{AFC66F71-1A46-4B56-9167-A7A99303BD23}.ReleaseLive|Any CPU.Build.0 = ReleaseLive|Any CPU
		{AFC66F71-1A46-4B56-9167-A7A99303BD23}.TelegramDev|Any CPU.ActiveCfg = Debug|Any CPU
		{AFC66F71-1A46-4B56-9167-A7A99303BD23}.TelegramDev|Any CPU.Build.0 = Debug|Any CPU
		{E9439602-A2B5-4881-9B28-82907F77B6E7}.Debug|Any CPU.ActiveCfg = Debug|Any CPU
		{E9439602-A2B5-4881-9B28-82907F77B6E7}.Debug|Any CPU.Build.0 = Debug|Any CPU
		{E9439602-A2B5-4881-9B28-82907F77B6E7}.DebugAlpha|Any CPU.ActiveCfg = Debug|Any CPU
		{E9439602-A2B5-4881-9B28-82907F77B6E7}.DebugAlpha|Any CPU.Build.0 = Debug|Any CPU
		{E9439602-A2B5-4881-9B28-82907F77B6E7}.Release|Any CPU.ActiveCfg = Release|Any CPU
		{E9439602-A2B5-4881-9B28-82907F77B6E7}.Release|Any CPU.Build.0 = Release|Any CPU
		{E9439602-A2B5-4881-9B28-82907F77B6E7}.ReleaseLive|Any CPU.ActiveCfg = Release|Any CPU
		{E9439602-A2B5-4881-9B28-82907F77B6E7}.ReleaseLive|Any CPU.Build.0 = Release|Any CPU
		{E9439602-A2B5-4881-9B28-82907F77B6E7}.TelegramDev|Any CPU.ActiveCfg = Debug|Any CPU
		{E9439602-A2B5-4881-9B28-82907F77B6E7}.TelegramDev|Any CPU.Build.0 = Debug|Any CPU
	EndGlobalSection
	GlobalSection(SolutionProperties) = preSolution
		HideSolutionNode = FALSE
	EndGlobalSection
	GlobalSection(ExtensibilityGlobals) = postSolution
		SolutionGuid = {2881B414-F6BB-45B4-B8F6-1B1F6DCA7C62}
	EndGlobalSection
EndGlobal
