
Microsoft Visual Studio Solution File, Format Version 12.00
# Visual Studio Version 16
VisualStudioVersion = 16.0.29102.190
MinimumVisualStudioVersion = 10.0.40219.1
Project("{9A19103F-16F7-4668-BE54-9A1E7A4F7556}") = "InterfurCreations.AdventureGames.BotMain", "InterfurCreations.AdventureGames.BotMain\InterfurCreations.AdventureGames.BotMain.csproj", "{4E07627F-331C-45AD-8FD3-F46124427A87}"
EndProject
Project("{9A19103F-16F7-4668-BE54-9A1E7A4F7556}") = "InterfurCreations.AdventureGames.Services", "InterfurCreations.AdventureGames.Services\InterfurCreations.AdventureGames.Services.csproj", "{FCD9F177-529B-4E53-8AD5-1AC99095EE17}"
EndProject
Project("{9A19103F-16F7-4668-BE54-9A1E7A4F7556}") = "InterfurCreations.AdventureGames.Database", "InterfurCreations.AdventureGames.Database\InterfurCreations.AdventureGames.Database.csproj", "{E2C181B2-A18D-4597-AAE3-002AAD5E5C37}"
EndProject
Project("{9A19103F-16F7-4668-BE54-9A1E7A4F7556}") = "InterfurCreations.AdventureGames.Configuration", "InterfurCreations.AdventureGames.Configuration\InterfurCreations.AdventureGames.Configuration.csproj", "{5CA1D1FD-8DE8-4544-A476-C4E255A8672B}"
EndProject
Project("{9A19103F-16F7-4668-BE54-9A1E7A4F7556}") = "InterfurCreations.AdventureGames.Core", "InterfurCreations.AdventureGames.Core\InterfurCreations.AdventureGames.Core.csproj", "{FBD8235D-96D4-4331-A433-649C63923143}"
EndProject
Project("{9A19103F-16F7-4668-BE54-9A1E7A4F7556}") = "InterfurCreations.AdventureGames.DatabaseServices", "InterfurCreations.AdventureGames.DatabaseServices\InterfurCreations.AdventureGames.DatabaseServices.csproj", "{3D6F9A1B-FF26-4B07-AF7F-BEE31F6A88DD}"
EndProject
Project("{9A19103F-16F7-4668-BE54-9A1E7A4F7556}") = "InterfurCreations.AdventureGames.Discord", "InterfurCreations.AdventureGames.Discord\InterfurCreations.AdventureGames.Discord.csproj", "{8C5B7DA6-99FD-4C71-A983-4697B34EEAB2}"
EndProject
Project("{9A19103F-16F7-4668-BE54-9A1E7A4F7556}") = "InterfurCreations.AdventureGames.Exceptions", "InterfurCreations.AdventureGames.Exceptions\InterfurCreations.AdventureGames.Exceptions.csproj", "{30185762-8634-44C7-999B-6A0756938D51}"
EndProject
Project("{9A19103F-16F7-4668-BE54-9A1E7A4F7556}") = "InterfurCreations.AdventureGames.GameLanguage", "InterfurCreations.AdventureGames.GameLanguage\InterfurCreations.AdventureGames.GameLanguage.csproj", "{0DB4A7C6-FE16-4E17-A0A6-343F9627E0C9}"
EndProject
Project("{9A19103F-16F7-4668-BE54-9A1E7A4F7556}") = "InterfurCreations.AdventureGames.Graph", "InterfurCreations.AdventureGames.Graph\InterfurCreations.AdventureGames.Graph.csproj", "{06BB3DC3-66AE-48E9-A831-4C40961625E6}"
EndProject
Project("{9A19103F-16F7-4668-BE54-9A1E7A4F7556}") = "InterfurCreations.AdventureGames.Kik", "InterfurCreations.AdventureGames.Kik\InterfurCreations.AdventureGames.Kik.csproj", "{E04D6CA0-295A-4F40-9BC0-3567A15BF4AA}"
EndProject
Project("{9A19103F-16F7-4668-BE54-9A1E7A4F7556}") = "InterfurCreations.AdventureGames.SlackReporter", "InterfurCreations.AdventureGames.SlackReporter\InterfurCreations.AdventureGames.SlackReporter.csproj", "{82309A07-B372-4779-B7AB-B9C89E6FD2D7}"
EndProject
Project("{9A19103F-16F7-4668-BE54-9A1E7A4F7556}") = "InterfurCreations.AdventureGames.Telegram", "InterfurCreations.AdventureGames.Telegram\InterfurCreations.AdventureGames.Telegram.csproj", "{3AFF9D42-F0F3-4D3A-9B64-4966BE133096}"
EndProject
Project("{FAE04EC0-301F-11D3-BF4B-00C04F79EFBC}") = "InterfurCreations.AdventureGames.WebhookService", "InterfurCreations.AdventureGames.WebhookService\InterfurCreations.AdventureGames.WebhookService.csproj", "{C158D6D0-F5B6-49A8-A798-B6B7FFB1CEDF}"
EndProject
Project("{FAE04EC0-301F-11D3-BF4B-00C04F79EFBC}") = "InterfurCreations.AdventureGames.Webhook", "InterfurCreations.AdventureGames.Webhook\InterfurCreations.AdventureGames.Webhook.csproj", "{23778BCC-A6D0-4BFA-83F1-BB06405BE7B2}"
EndProject
Project("{9A19103F-16F7-4668-BE54-9A1E7A4F7556}") = "InterfurCreations.AdventureGames.WindowsService", "InterfurCreations.AdventureGames.WindowsService\InterfurCreations.AdventureGames.WindowsService.csproj", "{ADF31382-463C-4CDD-B553-0E0B44AEEAD4}"
EndProject
Project("{9A19103F-16F7-4668-BE54-9A1E7A4F7556}") = "InterfurCreations.AdventureGames.HeartbeatMonitor", "InterfurCreations.AdventureGames.HeartbeatMonitor\InterfurCreations.AdventureGames.HeartbeatMonitor.csproj", "{36D60C6A-16F8-4F68-9BFE-F4E005281833}"
EndProject
Project("{9A19103F-16F7-4668-BE54-9A1E7A4F7556}") = "InterfurCreations.AdventureGames.Core.DataObjects", "InterfurCreations.AdventureGames.Core.DataObjects\InterfurCreations.AdventureGames.Core.DataObjects.csproj", "{879D1432-FD24-4D5F-AD67-CDA2F6DE528C}"
EndProject
Project("{9A19103F-16F7-4668-BE54-9A1E7A4F7556}") = "InterfurCreations.AdventureGames.LinuxDaemon", "InterfurCreations.AdventureGames.LinuxDaemon\InterfurCreations.AdventureGames.LinuxDaemon.csproj", "{95218A6E-EC7E-483D-BC88-6CCB8AA863B1}"
EndProject
Project("{9A19103F-16F7-4668-BE54-9A1E7A4F7556}") = "InterfurCreations.AdventureGames.WorkerService", "InterfurCreations.AdventureGames.WorkerService\InterfurCreations.AdventureGames.WorkerService.csproj", "{FC15C455-2E48-40D1-94FE-47E3D96C7CCA}"
EndProject
Project("{FAE04EC0-301F-11D3-BF4B-00C04F79EFBC}") = "InterfurCreations.AdventureGames.Logging", "InterfurCreations.AdventureGames.Logging\InterfurCreations.AdventureGames.Logging.csproj", "{102F598E-068D-46C0-ADE5-D734BC53B6EA}"
EndProject
Project("{FAE04EC0-301F-11D3-BF4B-00C04F79EFBC}") = "InterfurCreations.AdventureGames.Graph.Store", "InterfurCreations.AdventureGames.Graph.Store\InterfurCreations.AdventureGames.Graph.Store.csproj", "{8C6D0B24-65E4-4FE9-979A-E86B0C2F223D}"
EndProject
Global
	GlobalSection(SolutionConfigurationPlatforms) = preSolution
		Debug|Any CPU = Debug|Any CPU
		DebugLive|Any CPU = DebugLive|Any CPU
		DebugTest|Any CPU = DebugTest|Any CPU
		Dev|Any CPU = Dev|Any CPU
		DiscordAlpha|Any CPU = DiscordAlpha|Any CPU
		DiscordLive|Any CPU = DiscordLive|Any CPU
		KikLive|Any CPU = KikLive|Any CPU
		Release|Any CPU = Release|Any CPU
		TelegramDev|Any CPU = TelegramDev|Any CPU
		TelegramLive|Any CPU = TelegramLive|Any CPU
		TelegramTest|Any CPU = TelegramTest|Any CPU
	EndGlobalSection
	GlobalSection(ProjectConfigurationPlatforms) = postSolution
		{4E07627F-331C-45AD-8FD3-F46124427A87}.Debug|Any CPU.ActiveCfg = Debug|Any CPU
		{4E07627F-331C-45AD-8FD3-F46124427A87}.Debug|Any CPU.Build.0 = Debug|Any CPU
		{4E07627F-331C-45AD-8FD3-F46124427A87}.DebugLive|Any CPU.ActiveCfg = Debug|Any CPU
		{4E07627F-331C-45AD-8FD3-F46124427A87}.DebugLive|Any CPU.Build.0 = Debug|Any CPU
		{4E07627F-331C-45AD-8FD3-F46124427A87}.DebugTest|Any CPU.ActiveCfg = Debug|Any CPU
		{4E07627F-331C-45AD-8FD3-F46124427A87}.DebugTest|Any CPU.Build.0 = Debug|Any CPU
		{4E07627F-331C-45AD-8FD3-F46124427A87}.Dev|Any CPU.ActiveCfg = TelegramDev|Any CPU
		{4E07627F-331C-45AD-8FD3-F46124427A87}.Dev|Any CPU.Build.0 = TelegramDev|Any CPU
		{4E07627F-331C-45AD-8FD3-F46124427A87}.DiscordAlpha|Any CPU.ActiveCfg = DiscordAlpha|Any CPU
		{4E07627F-331C-45AD-8FD3-F46124427A87}.DiscordAlpha|Any CPU.Build.0 = DiscordAlpha|Any CPU
		{4E07627F-331C-45AD-8FD3-F46124427A87}.DiscordLive|Any CPU.ActiveCfg = DiscordLive|Any CPU
		{4E07627F-331C-45AD-8FD3-F46124427A87}.DiscordLive|Any CPU.Build.0 = DiscordLive|Any CPU
		{4E07627F-331C-45AD-8FD3-F46124427A87}.KikLive|Any CPU.ActiveCfg = KikLive|Any CPU
		{4E07627F-331C-45AD-8FD3-F46124427A87}.KikLive|Any CPU.Build.0 = KikLive|Any CPU
		{4E07627F-331C-45AD-8FD3-F46124427A87}.Release|Any CPU.ActiveCfg = Release|Any CPU
		{4E07627F-331C-45AD-8FD3-F46124427A87}.Release|Any CPU.Build.0 = Release|Any CPU
		{4E07627F-331C-45AD-8FD3-F46124427A87}.TelegramDev|Any CPU.ActiveCfg = TelegramDev|Any CPU
		{4E07627F-331C-45AD-8FD3-F46124427A87}.TelegramDev|Any CPU.Build.0 = TelegramDev|Any CPU
		{4E07627F-331C-45AD-8FD3-F46124427A87}.TelegramLive|Any CPU.ActiveCfg = TelegramLive|Any CPU
		{4E07627F-331C-45AD-8FD3-F46124427A87}.TelegramLive|Any CPU.Build.0 = TelegramLive|Any CPU
		{4E07627F-331C-45AD-8FD3-F46124427A87}.TelegramTest|Any CPU.ActiveCfg = TelegramTest|Any CPU
		{4E07627F-331C-45AD-8FD3-F46124427A87}.TelegramTest|Any CPU.Build.0 = TelegramTest|Any CPU
		{FCD9F177-529B-4E53-8AD5-1AC99095EE17}.Debug|Any CPU.ActiveCfg = Debug|Any CPU
		{FCD9F177-529B-4E53-8AD5-1AC99095EE17}.Debug|Any CPU.Build.0 = Debug|Any CPU
		{FCD9F177-529B-4E53-8AD5-1AC99095EE17}.DebugLive|Any CPU.ActiveCfg = Debug|Any CPU
		{FCD9F177-529B-4E53-8AD5-1AC99095EE17}.DebugLive|Any CPU.Build.0 = Debug|Any CPU
		{FCD9F177-529B-4E53-8AD5-1AC99095EE17}.DebugTest|Any CPU.ActiveCfg = Debug|Any CPU
		{FCD9F177-529B-4E53-8AD5-1AC99095EE17}.DebugTest|Any CPU.Build.0 = Debug|Any CPU
		{FCD9F177-529B-4E53-8AD5-1AC99095EE17}.Dev|Any CPU.ActiveCfg = TelegramDev|Any CPU
		{FCD9F177-529B-4E53-8AD5-1AC99095EE17}.Dev|Any CPU.Build.0 = TelegramDev|Any CPU
		{FCD9F177-529B-4E53-8AD5-1AC99095EE17}.DiscordAlpha|Any CPU.ActiveCfg = Debug|Any CPU
		{FCD9F177-529B-4E53-8AD5-1AC99095EE17}.DiscordAlpha|Any CPU.Build.0 = Debug|Any CPU
		{FCD9F177-529B-4E53-8AD5-1AC99095EE17}.DiscordLive|Any CPU.ActiveCfg = Release|Any CPU
		{FCD9F177-529B-4E53-8AD5-1AC99095EE17}.DiscordLive|Any CPU.Build.0 = Release|Any CPU
		{FCD9F177-529B-4E53-8AD5-1AC99095EE17}.KikLive|Any CPU.ActiveCfg = TelegramDev|Any CPU
		{FCD9F177-529B-4E53-8AD5-1AC99095EE17}.KikLive|Any CPU.Build.0 = TelegramDev|Any CPU
		{FCD9F177-529B-4E53-8AD5-1AC99095EE17}.Release|Any CPU.ActiveCfg = Release|Any CPU
		{FCD9F177-529B-4E53-8AD5-1AC99095EE17}.Release|Any CPU.Build.0 = Release|Any CPU
		{FCD9F177-529B-4E53-8AD5-1AC99095EE17}.TelegramDev|Any CPU.ActiveCfg = TelegramDev|Any CPU
		{FCD9F177-529B-4E53-8AD5-1AC99095EE17}.TelegramDev|Any CPU.Build.0 = TelegramDev|Any CPU
		{FCD9F177-529B-4E53-8AD5-1AC99095EE17}.TelegramLive|Any CPU.ActiveCfg = Release|Any CPU
		{FCD9F177-529B-4E53-8AD5-1AC99095EE17}.TelegramLive|Any CPU.Build.0 = Release|Any CPU
		{FCD9F177-529B-4E53-8AD5-1AC99095EE17}.TelegramTest|Any CPU.ActiveCfg = TelegramDev|Any CPU
		{FCD9F177-529B-4E53-8AD5-1AC99095EE17}.TelegramTest|Any CPU.Build.0 = TelegramDev|Any CPU
		{E2C181B2-A18D-4597-AAE3-002AAD5E5C37}.Debug|Any CPU.ActiveCfg = Debug|Any CPU
		{E2C181B2-A18D-4597-AAE3-002AAD5E5C37}.Debug|Any CPU.Build.0 = Debug|Any CPU
		{E2C181B2-A18D-4597-AAE3-002AAD5E5C37}.DebugLive|Any CPU.ActiveCfg = Debug|Any CPU
		{E2C181B2-A18D-4597-AAE3-002AAD5E5C37}.DebugLive|Any CPU.Build.0 = Debug|Any CPU
		{E2C181B2-A18D-4597-AAE3-002AAD5E5C37}.DebugTest|Any CPU.ActiveCfg = Debug|Any CPU
		{E2C181B2-A18D-4597-AAE3-002AAD5E5C37}.DebugTest|Any CPU.Build.0 = Debug|Any CPU
		{E2C181B2-A18D-4597-AAE3-002AAD5E5C37}.Dev|Any CPU.ActiveCfg = TelegramDev|Any CPU
		{E2C181B2-A18D-4597-AAE3-002AAD5E5C37}.Dev|Any CPU.Build.0 = TelegramDev|Any CPU
		{E2C181B2-A18D-4597-AAE3-002AAD5E5C37}.DiscordAlpha|Any CPU.ActiveCfg = Debug|Any CPU
		{E2C181B2-A18D-4597-AAE3-002AAD5E5C37}.DiscordAlpha|Any CPU.Build.0 = Debug|Any CPU
		{E2C181B2-A18D-4597-AAE3-002AAD5E5C37}.DiscordLive|Any CPU.ActiveCfg = Release|Any CPU
		{E2C181B2-A18D-4597-AAE3-002AAD5E5C37}.DiscordLive|Any CPU.Build.0 = Release|Any CPU
		{E2C181B2-A18D-4597-AAE3-002AAD5E5C37}.KikLive|Any CPU.ActiveCfg = TelegramDev|Any CPU
		{E2C181B2-A18D-4597-AAE3-002AAD5E5C37}.KikLive|Any CPU.Build.0 = TelegramDev|Any CPU
		{E2C181B2-A18D-4597-AAE3-002AAD5E5C37}.Release|Any CPU.ActiveCfg = Release|Any CPU
		{E2C181B2-A18D-4597-AAE3-002AAD5E5C37}.Release|Any CPU.Build.0 = Release|Any CPU
		{E2C181B2-A18D-4597-AAE3-002AAD5E5C37}.TelegramDev|Any CPU.ActiveCfg = TelegramDev|Any CPU
		{E2C181B2-A18D-4597-AAE3-002AAD5E5C37}.TelegramDev|Any CPU.Build.0 = TelegramDev|Any CPU
		{E2C181B2-A18D-4597-AAE3-002AAD5E5C37}.TelegramLive|Any CPU.ActiveCfg = Release|Any CPU
		{E2C181B2-A18D-4597-AAE3-002AAD5E5C37}.TelegramLive|Any CPU.Build.0 = Release|Any CPU
		{E2C181B2-A18D-4597-AAE3-002AAD5E5C37}.TelegramTest|Any CPU.ActiveCfg = TelegramDev|Any CPU
		{E2C181B2-A18D-4597-AAE3-002AAD5E5C37}.TelegramTest|Any CPU.Build.0 = TelegramDev|Any CPU
		{5CA1D1FD-8DE8-4544-A476-C4E255A8672B}.Debug|Any CPU.ActiveCfg = Debug|Any CPU
		{5CA1D1FD-8DE8-4544-A476-C4E255A8672B}.Debug|Any CPU.Build.0 = Debug|Any CPU
		{5CA1D1FD-8DE8-4544-A476-C4E255A8672B}.DebugLive|Any CPU.ActiveCfg = Debug|Any CPU
		{5CA1D1FD-8DE8-4544-A476-C4E255A8672B}.DebugLive|Any CPU.Build.0 = Debug|Any CPU
		{5CA1D1FD-8DE8-4544-A476-C4E255A8672B}.DebugTest|Any CPU.ActiveCfg = Debug|Any CPU
		{5CA1D1FD-8DE8-4544-A476-C4E255A8672B}.DebugTest|Any CPU.Build.0 = Debug|Any CPU
		{5CA1D1FD-8DE8-4544-A476-C4E255A8672B}.Dev|Any CPU.ActiveCfg = TelegramDev|Any CPU
		{5CA1D1FD-8DE8-4544-A476-C4E255A8672B}.Dev|Any CPU.Build.0 = TelegramDev|Any CPU
		{5CA1D1FD-8DE8-4544-A476-C4E255A8672B}.DiscordAlpha|Any CPU.ActiveCfg = Debug|Any CPU
		{5CA1D1FD-8DE8-4544-A476-C4E255A8672B}.DiscordAlpha|Any CPU.Build.0 = Debug|Any CPU
		{5CA1D1FD-8DE8-4544-A476-C4E255A8672B}.DiscordLive|Any CPU.ActiveCfg = Release|Any CPU
		{5CA1D1FD-8DE8-4544-A476-C4E255A8672B}.DiscordLive|Any CPU.Build.0 = Release|Any CPU
		{5CA1D1FD-8DE8-4544-A476-C4E255A8672B}.KikLive|Any CPU.ActiveCfg = TelegramDev|Any CPU
		{5CA1D1FD-8DE8-4544-A476-C4E255A8672B}.KikLive|Any CPU.Build.0 = TelegramDev|Any CPU
		{5CA1D1FD-8DE8-4544-A476-C4E255A8672B}.Release|Any CPU.ActiveCfg = Release|Any CPU
		{5CA1D1FD-8DE8-4544-A476-C4E255A8672B}.Release|Any CPU.Build.0 = Release|Any CPU
		{5CA1D1FD-8DE8-4544-A476-C4E255A8672B}.TelegramDev|Any CPU.ActiveCfg = TelegramDev|Any CPU
		{5CA1D1FD-8DE8-4544-A476-C4E255A8672B}.TelegramDev|Any CPU.Build.0 = TelegramDev|Any CPU
		{5CA1D1FD-8DE8-4544-A476-C4E255A8672B}.TelegramLive|Any CPU.ActiveCfg = Release|Any CPU
		{5CA1D1FD-8DE8-4544-A476-C4E255A8672B}.TelegramLive|Any CPU.Build.0 = Release|Any CPU
		{5CA1D1FD-8DE8-4544-A476-C4E255A8672B}.TelegramTest|Any CPU.ActiveCfg = TelegramDev|Any CPU
		{5CA1D1FD-8DE8-4544-A476-C4E255A8672B}.TelegramTest|Any CPU.Build.0 = TelegramDev|Any CPU
		{FBD8235D-96D4-4331-A433-649C63923143}.Debug|Any CPU.ActiveCfg = Debug|Any CPU
		{FBD8235D-96D4-4331-A433-649C63923143}.Debug|Any CPU.Build.0 = Debug|Any CPU
		{FBD8235D-96D4-4331-A433-649C63923143}.DebugLive|Any CPU.ActiveCfg = Debug|Any CPU
		{FBD8235D-96D4-4331-A433-649C63923143}.DebugLive|Any CPU.Build.0 = Debug|Any CPU
		{FBD8235D-96D4-4331-A433-649C63923143}.DebugTest|Any CPU.ActiveCfg = Debug|Any CPU
		{FBD8235D-96D4-4331-A433-649C63923143}.DebugTest|Any CPU.Build.0 = Debug|Any CPU
		{FBD8235D-96D4-4331-A433-649C63923143}.Dev|Any CPU.ActiveCfg = TelegramDev|Any CPU
		{FBD8235D-96D4-4331-A433-649C63923143}.Dev|Any CPU.Build.0 = TelegramDev|Any CPU
		{FBD8235D-96D4-4331-A433-649C63923143}.DiscordAlpha|Any CPU.ActiveCfg = Debug|Any CPU
		{FBD8235D-96D4-4331-A433-649C63923143}.DiscordAlpha|Any CPU.Build.0 = Debug|Any CPU
		{FBD8235D-96D4-4331-A433-649C63923143}.DiscordLive|Any CPU.ActiveCfg = Release|Any CPU
		{FBD8235D-96D4-4331-A433-649C63923143}.DiscordLive|Any CPU.Build.0 = Release|Any CPU
		{FBD8235D-96D4-4331-A433-649C63923143}.KikLive|Any CPU.ActiveCfg = TelegramDev|Any CPU
		{FBD8235D-96D4-4331-A433-649C63923143}.KikLive|Any CPU.Build.0 = TelegramDev|Any CPU
		{FBD8235D-96D4-4331-A433-649C63923143}.Release|Any CPU.ActiveCfg = Release|Any CPU
		{FBD8235D-96D4-4331-A433-649C63923143}.Release|Any CPU.Build.0 = Release|Any CPU
		{FBD8235D-96D4-4331-A433-649C63923143}.TelegramDev|Any CPU.ActiveCfg = TelegramDev|Any CPU
		{FBD8235D-96D4-4331-A433-649C63923143}.TelegramDev|Any CPU.Build.0 = TelegramDev|Any CPU
		{FBD8235D-96D4-4331-A433-649C63923143}.TelegramLive|Any CPU.ActiveCfg = Release|Any CPU
		{FBD8235D-96D4-4331-A433-649C63923143}.TelegramLive|Any CPU.Build.0 = Release|Any CPU
		{FBD8235D-96D4-4331-A433-649C63923143}.TelegramTest|Any CPU.ActiveCfg = TelegramDev|Any CPU
		{FBD8235D-96D4-4331-A433-649C63923143}.TelegramTest|Any CPU.Build.0 = TelegramDev|Any CPU
		{3D6F9A1B-FF26-4B07-AF7F-BEE31F6A88DD}.Debug|Any CPU.ActiveCfg = Debug|Any CPU
		{3D6F9A1B-FF26-4B07-AF7F-BEE31F6A88DD}.Debug|Any CPU.Build.0 = Debug|Any CPU
		{3D6F9A1B-FF26-4B07-AF7F-BEE31F6A88DD}.DebugLive|Any CPU.ActiveCfg = Debug|Any CPU
		{3D6F9A1B-FF26-4B07-AF7F-BEE31F6A88DD}.DebugLive|Any CPU.Build.0 = Debug|Any CPU
		{3D6F9A1B-FF26-4B07-AF7F-BEE31F6A88DD}.DebugTest|Any CPU.ActiveCfg = Debug|Any CPU
		{3D6F9A1B-FF26-4B07-AF7F-BEE31F6A88DD}.DebugTest|Any CPU.Build.0 = Debug|Any CPU
		{3D6F9A1B-FF26-4B07-AF7F-BEE31F6A88DD}.Dev|Any CPU.ActiveCfg = TelegramDev|Any CPU
		{3D6F9A1B-FF26-4B07-AF7F-BEE31F6A88DD}.Dev|Any CPU.Build.0 = TelegramDev|Any CPU
		{3D6F9A1B-FF26-4B07-AF7F-BEE31F6A88DD}.DiscordAlpha|Any CPU.ActiveCfg = Debug|Any CPU
		{3D6F9A1B-FF26-4B07-AF7F-BEE31F6A88DD}.DiscordAlpha|Any CPU.Build.0 = Debug|Any CPU
		{3D6F9A1B-FF26-4B07-AF7F-BEE31F6A88DD}.DiscordLive|Any CPU.ActiveCfg = Release|Any CPU
		{3D6F9A1B-FF26-4B07-AF7F-BEE31F6A88DD}.DiscordLive|Any CPU.Build.0 = Release|Any CPU
		{3D6F9A1B-FF26-4B07-AF7F-BEE31F6A88DD}.KikLive|Any CPU.ActiveCfg = TelegramDev|Any CPU
		{3D6F9A1B-FF26-4B07-AF7F-BEE31F6A88DD}.KikLive|Any CPU.Build.0 = TelegramDev|Any CPU
		{3D6F9A1B-FF26-4B07-AF7F-BEE31F6A88DD}.Release|Any CPU.ActiveCfg = Release|Any CPU
		{3D6F9A1B-FF26-4B07-AF7F-BEE31F6A88DD}.Release|Any CPU.Build.0 = Release|Any CPU
		{3D6F9A1B-FF26-4B07-AF7F-BEE31F6A88DD}.TelegramDev|Any CPU.ActiveCfg = TelegramDev|Any CPU
		{3D6F9A1B-FF26-4B07-AF7F-BEE31F6A88DD}.TelegramDev|Any CPU.Build.0 = TelegramDev|Any CPU
		{3D6F9A1B-FF26-4B07-AF7F-BEE31F6A88DD}.TelegramLive|Any CPU.ActiveCfg = Release|Any CPU
		{3D6F9A1B-FF26-4B07-AF7F-BEE31F6A88DD}.TelegramLive|Any CPU.Build.0 = Release|Any CPU
		{3D6F9A1B-FF26-4B07-AF7F-BEE31F6A88DD}.TelegramTest|Any CPU.ActiveCfg = TelegramDev|Any CPU
		{3D6F9A1B-FF26-4B07-AF7F-BEE31F6A88DD}.TelegramTest|Any CPU.Build.0 = TelegramDev|Any CPU
		{8C5B7DA6-99FD-4C71-A983-4697B34EEAB2}.Debug|Any CPU.ActiveCfg = Debug|Any CPU
		{8C5B7DA6-99FD-4C71-A983-4697B34EEAB2}.Debug|Any CPU.Build.0 = Debug|Any CPU
		{8C5B7DA6-99FD-4C71-A983-4697B34EEAB2}.DebugLive|Any CPU.ActiveCfg = Debug|Any CPU
		{8C5B7DA6-99FD-4C71-A983-4697B34EEAB2}.DebugLive|Any CPU.Build.0 = Debug|Any CPU
		{8C5B7DA6-99FD-4C71-A983-4697B34EEAB2}.DebugTest|Any CPU.ActiveCfg = Debug|Any CPU
		{8C5B7DA6-99FD-4C71-A983-4697B34EEAB2}.DebugTest|Any CPU.Build.0 = Debug|Any CPU
		{8C5B7DA6-99FD-4C71-A983-4697B34EEAB2}.Dev|Any CPU.ActiveCfg = TelegramDev|Any CPU
		{8C5B7DA6-99FD-4C71-A983-4697B34EEAB2}.Dev|Any CPU.Build.0 = TelegramDev|Any CPU
		{8C5B7DA6-99FD-4C71-A983-4697B34EEAB2}.DiscordAlpha|Any CPU.ActiveCfg = Debug|Any CPU
		{8C5B7DA6-99FD-4C71-A983-4697B34EEAB2}.DiscordAlpha|Any CPU.Build.0 = Debug|Any CPU
		{8C5B7DA6-99FD-4C71-A983-4697B34EEAB2}.DiscordLive|Any CPU.ActiveCfg = Release|Any CPU
		{8C5B7DA6-99FD-4C71-A983-4697B34EEAB2}.DiscordLive|Any CPU.Build.0 = Release|Any CPU
		{8C5B7DA6-99FD-4C71-A983-4697B34EEAB2}.KikLive|Any CPU.ActiveCfg = TelegramDev|Any CPU
		{8C5B7DA6-99FD-4C71-A983-4697B34EEAB2}.KikLive|Any CPU.Build.0 = TelegramDev|Any CPU
		{8C5B7DA6-99FD-4C71-A983-4697B34EEAB2}.Release|Any CPU.ActiveCfg = Release|Any CPU
		{8C5B7DA6-99FD-4C71-A983-4697B34EEAB2}.Release|Any CPU.Build.0 = Release|Any CPU
		{8C5B7DA6-99FD-4C71-A983-4697B34EEAB2}.TelegramDev|Any CPU.ActiveCfg = TelegramDev|Any CPU
		{8C5B7DA6-99FD-4C71-A983-4697B34EEAB2}.TelegramDev|Any CPU.Build.0 = TelegramDev|Any CPU
		{8C5B7DA6-99FD-4C71-A983-4697B34EEAB2}.TelegramLive|Any CPU.ActiveCfg = Release|Any CPU
		{8C5B7DA6-99FD-4C71-A983-4697B34EEAB2}.TelegramLive|Any CPU.Build.0 = Release|Any CPU
		{8C5B7DA6-99FD-4C71-A983-4697B34EEAB2}.TelegramTest|Any CPU.ActiveCfg = TelegramDev|Any CPU
		{8C5B7DA6-99FD-4C71-A983-4697B34EEAB2}.TelegramTest|Any CPU.Build.0 = TelegramDev|Any CPU
		{30185762-8634-44C7-999B-6A0756938D51}.Debug|Any CPU.ActiveCfg = Debug|Any CPU
		{30185762-8634-44C7-999B-6A0756938D51}.Debug|Any CPU.Build.0 = Debug|Any CPU
		{30185762-8634-44C7-999B-6A0756938D51}.DebugLive|Any CPU.ActiveCfg = Debug|Any CPU
		{30185762-8634-44C7-999B-6A0756938D51}.DebugLive|Any CPU.Build.0 = Debug|Any CPU
		{30185762-8634-44C7-999B-6A0756938D51}.DebugTest|Any CPU.ActiveCfg = Debug|Any CPU
		{30185762-8634-44C7-999B-6A0756938D51}.DebugTest|Any CPU.Build.0 = Debug|Any CPU
		{30185762-8634-44C7-999B-6A0756938D51}.Dev|Any CPU.ActiveCfg = TelegramDev|Any CPU
		{30185762-8634-44C7-999B-6A0756938D51}.Dev|Any CPU.Build.0 = TelegramDev|Any CPU
		{30185762-8634-44C7-999B-6A0756938D51}.DiscordAlpha|Any CPU.ActiveCfg = Debug|Any CPU
		{30185762-8634-44C7-999B-6A0756938D51}.DiscordAlpha|Any CPU.Build.0 = Debug|Any CPU
		{30185762-8634-44C7-999B-6A0756938D51}.DiscordLive|Any CPU.ActiveCfg = Release|Any CPU
		{30185762-8634-44C7-999B-6A0756938D51}.DiscordLive|Any CPU.Build.0 = Release|Any CPU
		{30185762-8634-44C7-999B-6A0756938D51}.KikLive|Any CPU.ActiveCfg = TelegramDev|Any CPU
		{30185762-8634-44C7-999B-6A0756938D51}.KikLive|Any CPU.Build.0 = TelegramDev|Any CPU
		{30185762-8634-44C7-999B-6A0756938D51}.Release|Any CPU.ActiveCfg = Release|Any CPU
		{30185762-8634-44C7-999B-6A0756938D51}.Release|Any CPU.Build.0 = Release|Any CPU
		{30185762-8634-44C7-999B-6A0756938D51}.TelegramDev|Any CPU.ActiveCfg = TelegramDev|Any CPU
		{30185762-8634-44C7-999B-6A0756938D51}.TelegramDev|Any CPU.Build.0 = TelegramDev|Any CPU
		{30185762-8634-44C7-999B-6A0756938D51}.TelegramLive|Any CPU.ActiveCfg = Release|Any CPU
		{30185762-8634-44C7-999B-6A0756938D51}.TelegramLive|Any CPU.Build.0 = Release|Any CPU
		{30185762-8634-44C7-999B-6A0756938D51}.TelegramTest|Any CPU.ActiveCfg = TelegramDev|Any CPU
		{30185762-8634-44C7-999B-6A0756938D51}.TelegramTest|Any CPU.Build.0 = TelegramDev|Any CPU
		{0DB4A7C6-FE16-4E17-A0A6-343F9627E0C9}.Debug|Any CPU.ActiveCfg = Debug|Any CPU
		{0DB4A7C6-FE16-4E17-A0A6-343F9627E0C9}.Debug|Any CPU.Build.0 = Debug|Any CPU
		{0DB4A7C6-FE16-4E17-A0A6-343F9627E0C9}.DebugLive|Any CPU.ActiveCfg = Debug|Any CPU
		{0DB4A7C6-FE16-4E17-A0A6-343F9627E0C9}.DebugLive|Any CPU.Build.0 = Debug|Any CPU
		{0DB4A7C6-FE16-4E17-A0A6-343F9627E0C9}.DebugTest|Any CPU.ActiveCfg = Debug|Any CPU
		{0DB4A7C6-FE16-4E17-A0A6-343F9627E0C9}.DebugTest|Any CPU.Build.0 = Debug|Any CPU
		{0DB4A7C6-FE16-4E17-A0A6-343F9627E0C9}.Dev|Any CPU.ActiveCfg = TelegramDev|Any CPU
		{0DB4A7C6-FE16-4E17-A0A6-343F9627E0C9}.Dev|Any CPU.Build.0 = TelegramDev|Any CPU
		{0DB4A7C6-FE16-4E17-A0A6-343F9627E0C9}.DiscordAlpha|Any CPU.ActiveCfg = Debug|Any CPU
		{0DB4A7C6-FE16-4E17-A0A6-343F9627E0C9}.DiscordAlpha|Any CPU.Build.0 = Debug|Any CPU
		{0DB4A7C6-FE16-4E17-A0A6-343F9627E0C9}.DiscordLive|Any CPU.ActiveCfg = Release|Any CPU
		{0DB4A7C6-FE16-4E17-A0A6-343F9627E0C9}.DiscordLive|Any CPU.Build.0 = Release|Any CPU
		{0DB4A7C6-FE16-4E17-A0A6-343F9627E0C9}.KikLive|Any CPU.ActiveCfg = TelegramDev|Any CPU
		{0DB4A7C6-FE16-4E17-A0A6-343F9627E0C9}.KikLive|Any CPU.Build.0 = TelegramDev|Any CPU
		{0DB4A7C6-FE16-4E17-A0A6-343F9627E0C9}.Release|Any CPU.ActiveCfg = Release|Any CPU
		{0DB4A7C6-FE16-4E17-A0A6-343F9627E0C9}.Release|Any CPU.Build.0 = Release|Any CPU
		{0DB4A7C6-FE16-4E17-A0A6-343F9627E0C9}.TelegramDev|Any CPU.ActiveCfg = TelegramDev|Any CPU
		{0DB4A7C6-FE16-4E17-A0A6-343F9627E0C9}.TelegramDev|Any CPU.Build.0 = TelegramDev|Any CPU
		{0DB4A7C6-FE16-4E17-A0A6-343F9627E0C9}.TelegramLive|Any CPU.ActiveCfg = Release|Any CPU
		{0DB4A7C6-FE16-4E17-A0A6-343F9627E0C9}.TelegramLive|Any CPU.Build.0 = Release|Any CPU
		{0DB4A7C6-FE16-4E17-A0A6-343F9627E0C9}.TelegramTest|Any CPU.ActiveCfg = TelegramDev|Any CPU
		{0DB4A7C6-FE16-4E17-A0A6-343F9627E0C9}.TelegramTest|Any CPU.Build.0 = TelegramDev|Any CPU
		{06BB3DC3-66AE-48E9-A831-4C40961625E6}.Debug|Any CPU.ActiveCfg = Debug|Any CPU
		{06BB3DC3-66AE-48E9-A831-4C40961625E6}.Debug|Any CPU.Build.0 = Debug|Any CPU
		{06BB3DC3-66AE-48E9-A831-4C40961625E6}.DebugLive|Any CPU.ActiveCfg = Debug|Any CPU
		{06BB3DC3-66AE-48E9-A831-4C40961625E6}.DebugLive|Any CPU.Build.0 = Debug|Any CPU
		{06BB3DC3-66AE-48E9-A831-4C40961625E6}.DebugTest|Any CPU.ActiveCfg = Debug|Any CPU
		{06BB3DC3-66AE-48E9-A831-4C40961625E6}.DebugTest|Any CPU.Build.0 = Debug|Any CPU
		{06BB3DC3-66AE-48E9-A831-4C40961625E6}.Dev|Any CPU.ActiveCfg = TelegramDev|Any CPU
		{06BB3DC3-66AE-48E9-A831-4C40961625E6}.Dev|Any CPU.Build.0 = TelegramDev|Any CPU
		{06BB3DC3-66AE-48E9-A831-4C40961625E6}.DiscordAlpha|Any CPU.ActiveCfg = Debug|Any CPU
		{06BB3DC3-66AE-48E9-A831-4C40961625E6}.DiscordAlpha|Any CPU.Build.0 = Debug|Any CPU
		{06BB3DC3-66AE-48E9-A831-4C40961625E6}.DiscordLive|Any CPU.ActiveCfg = Release|Any CPU
		{06BB3DC3-66AE-48E9-A831-4C40961625E6}.DiscordLive|Any CPU.Build.0 = Release|Any CPU
		{06BB3DC3-66AE-48E9-A831-4C40961625E6}.KikLive|Any CPU.ActiveCfg = TelegramDev|Any CPU
		{06BB3DC3-66AE-48E9-A831-4C40961625E6}.KikLive|Any CPU.Build.0 = TelegramDev|Any CPU
		{06BB3DC3-66AE-48E9-A831-4C40961625E6}.Release|Any CPU.ActiveCfg = Release|Any CPU
		{06BB3DC3-66AE-48E9-A831-4C40961625E6}.Release|Any CPU.Build.0 = Release|Any CPU
		{06BB3DC3-66AE-48E9-A831-4C40961625E6}.TelegramDev|Any CPU.ActiveCfg = TelegramDev|Any CPU
		{06BB3DC3-66AE-48E9-A831-4C40961625E6}.TelegramDev|Any CPU.Build.0 = TelegramDev|Any CPU
		{06BB3DC3-66AE-48E9-A831-4C40961625E6}.TelegramLive|Any CPU.ActiveCfg = Release|Any CPU
		{06BB3DC3-66AE-48E9-A831-4C40961625E6}.TelegramLive|Any CPU.Build.0 = Release|Any CPU
		{06BB3DC3-66AE-48E9-A831-4C40961625E6}.TelegramTest|Any CPU.ActiveCfg = TelegramDev|Any CPU
		{06BB3DC3-66AE-48E9-A831-4C40961625E6}.TelegramTest|Any CPU.Build.0 = TelegramDev|Any CPU
		{E04D6CA0-295A-4F40-9BC0-3567A15BF4AA}.Debug|Any CPU.ActiveCfg = Debug|Any CPU
		{E04D6CA0-295A-4F40-9BC0-3567A15BF4AA}.Debug|Any CPU.Build.0 = Debug|Any CPU
		{E04D6CA0-295A-4F40-9BC0-3567A15BF4AA}.DebugLive|Any CPU.ActiveCfg = Debug|Any CPU
		{E04D6CA0-295A-4F40-9BC0-3567A15BF4AA}.DebugLive|Any CPU.Build.0 = Debug|Any CPU
		{E04D6CA0-295A-4F40-9BC0-3567A15BF4AA}.DebugTest|Any CPU.ActiveCfg = Debug|Any CPU
		{E04D6CA0-295A-4F40-9BC0-3567A15BF4AA}.DebugTest|Any CPU.Build.0 = Debug|Any CPU
		{E04D6CA0-295A-4F40-9BC0-3567A15BF4AA}.Dev|Any CPU.ActiveCfg = TelegramDev|Any CPU
		{E04D6CA0-295A-4F40-9BC0-3567A15BF4AA}.Dev|Any CPU.Build.0 = TelegramDev|Any CPU
		{E04D6CA0-295A-4F40-9BC0-3567A15BF4AA}.DiscordAlpha|Any CPU.ActiveCfg = Debug|Any CPU
		{E04D6CA0-295A-4F40-9BC0-3567A15BF4AA}.DiscordAlpha|Any CPU.Build.0 = Debug|Any CPU
		{E04D6CA0-295A-4F40-9BC0-3567A15BF4AA}.DiscordLive|Any CPU.ActiveCfg = Release|Any CPU
		{E04D6CA0-295A-4F40-9BC0-3567A15BF4AA}.DiscordLive|Any CPU.Build.0 = Release|Any CPU
		{E04D6CA0-295A-4F40-9BC0-3567A15BF4AA}.KikLive|Any CPU.ActiveCfg = TelegramDev|Any CPU
		{E04D6CA0-295A-4F40-9BC0-3567A15BF4AA}.KikLive|Any CPU.Build.0 = TelegramDev|Any CPU
		{E04D6CA0-295A-4F40-9BC0-3567A15BF4AA}.Release|Any CPU.ActiveCfg = Release|Any CPU
		{E04D6CA0-295A-4F40-9BC0-3567A15BF4AA}.Release|Any CPU.Build.0 = Release|Any CPU
		{E04D6CA0-295A-4F40-9BC0-3567A15BF4AA}.TelegramDev|Any CPU.ActiveCfg = TelegramDev|Any CPU
		{E04D6CA0-295A-4F40-9BC0-3567A15BF4AA}.TelegramDev|Any CPU.Build.0 = TelegramDev|Any CPU
		{E04D6CA0-295A-4F40-9BC0-3567A15BF4AA}.TelegramLive|Any CPU.ActiveCfg = Release|Any CPU
		{E04D6CA0-295A-4F40-9BC0-3567A15BF4AA}.TelegramLive|Any CPU.Build.0 = Release|Any CPU
		{E04D6CA0-295A-4F40-9BC0-3567A15BF4AA}.TelegramTest|Any CPU.ActiveCfg = TelegramDev|Any CPU
		{E04D6CA0-295A-4F40-9BC0-3567A15BF4AA}.TelegramTest|Any CPU.Build.0 = TelegramDev|Any CPU
		{82309A07-B372-4779-B7AB-B9C89E6FD2D7}.Debug|Any CPU.ActiveCfg = Debug|Any CPU
		{82309A07-B372-4779-B7AB-B9C89E6FD2D7}.Debug|Any CPU.Build.0 = Debug|Any CPU
		{82309A07-B372-4779-B7AB-B9C89E6FD2D7}.DebugLive|Any CPU.ActiveCfg = Debug|Any CPU
		{82309A07-B372-4779-B7AB-B9C89E6FD2D7}.DebugLive|Any CPU.Build.0 = Debug|Any CPU
		{82309A07-B372-4779-B7AB-B9C89E6FD2D7}.DebugTest|Any CPU.ActiveCfg = Debug|Any CPU
		{82309A07-B372-4779-B7AB-B9C89E6FD2D7}.DebugTest|Any CPU.Build.0 = Debug|Any CPU
		{82309A07-B372-4779-B7AB-B9C89E6FD2D7}.Dev|Any CPU.ActiveCfg = TelegramDev|Any CPU
		{82309A07-B372-4779-B7AB-B9C89E6FD2D7}.Dev|Any CPU.Build.0 = TelegramDev|Any CPU
		{82309A07-B372-4779-B7AB-B9C89E6FD2D7}.DiscordAlpha|Any CPU.ActiveCfg = Debug|Any CPU
		{82309A07-B372-4779-B7AB-B9C89E6FD2D7}.DiscordAlpha|Any CPU.Build.0 = Debug|Any CPU
		{82309A07-B372-4779-B7AB-B9C89E6FD2D7}.DiscordLive|Any CPU.ActiveCfg = Release|Any CPU
		{82309A07-B372-4779-B7AB-B9C89E6FD2D7}.DiscordLive|Any CPU.Build.0 = Release|Any CPU
		{82309A07-B372-4779-B7AB-B9C89E6FD2D7}.KikLive|Any CPU.ActiveCfg = TelegramDev|Any CPU
		{82309A07-B372-4779-B7AB-B9C89E6FD2D7}.KikLive|Any CPU.Build.0 = TelegramDev|Any CPU
		{82309A07-B372-4779-B7AB-B9C89E6FD2D7}.Release|Any CPU.ActiveCfg = Release|Any CPU
		{82309A07-B372-4779-B7AB-B9C89E6FD2D7}.Release|Any CPU.Build.0 = Release|Any CPU
		{82309A07-B372-4779-B7AB-B9C89E6FD2D7}.TelegramDev|Any CPU.ActiveCfg = TelegramDev|Any CPU
		{82309A07-B372-4779-B7AB-B9C89E6FD2D7}.TelegramDev|Any CPU.Build.0 = TelegramDev|Any CPU
		{82309A07-B372-4779-B7AB-B9C89E6FD2D7}.TelegramLive|Any CPU.ActiveCfg = Release|Any CPU
		{82309A07-B372-4779-B7AB-B9C89E6FD2D7}.TelegramLive|Any CPU.Build.0 = Release|Any CPU
		{82309A07-B372-4779-B7AB-B9C89E6FD2D7}.TelegramTest|Any CPU.ActiveCfg = TelegramDev|Any CPU
		{82309A07-B372-4779-B7AB-B9C89E6FD2D7}.TelegramTest|Any CPU.Build.0 = TelegramDev|Any CPU
		{3AFF9D42-F0F3-4D3A-9B64-4966BE133096}.Debug|Any CPU.ActiveCfg = Debug|Any CPU
		{3AFF9D42-F0F3-4D3A-9B64-4966BE133096}.Debug|Any CPU.Build.0 = Debug|Any CPU
		{3AFF9D42-F0F3-4D3A-9B64-4966BE133096}.DebugLive|Any CPU.ActiveCfg = Debug|Any CPU
		{3AFF9D42-F0F3-4D3A-9B64-4966BE133096}.DebugLive|Any CPU.Build.0 = Debug|Any CPU
		{3AFF9D42-F0F3-4D3A-9B64-4966BE133096}.DebugTest|Any CPU.ActiveCfg = Debug|Any CPU
		{3AFF9D42-F0F3-4D3A-9B64-4966BE133096}.DebugTest|Any CPU.Build.0 = Debug|Any CPU
		{3AFF9D42-F0F3-4D3A-9B64-4966BE133096}.Dev|Any CPU.ActiveCfg = TelegramDev|Any CPU
		{3AFF9D42-F0F3-4D3A-9B64-4966BE133096}.Dev|Any CPU.Build.0 = TelegramDev|Any CPU
		{3AFF9D42-F0F3-4D3A-9B64-4966BE133096}.DiscordAlpha|Any CPU.ActiveCfg = Debug|Any CPU
		{3AFF9D42-F0F3-4D3A-9B64-4966BE133096}.DiscordAlpha|Any CPU.Build.0 = Debug|Any CPU
		{3AFF9D42-F0F3-4D3A-9B64-4966BE133096}.DiscordLive|Any CPU.ActiveCfg = Release|Any CPU
		{3AFF9D42-F0F3-4D3A-9B64-4966BE133096}.DiscordLive|Any CPU.Build.0 = Release|Any CPU
		{3AFF9D42-F0F3-4D3A-9B64-4966BE133096}.KikLive|Any CPU.ActiveCfg = TelegramDev|Any CPU
		{3AFF9D42-F0F3-4D3A-9B64-4966BE133096}.KikLive|Any CPU.Build.0 = TelegramDev|Any CPU
		{3AFF9D42-F0F3-4D3A-9B64-4966BE133096}.Release|Any CPU.ActiveCfg = Release|Any CPU
		{3AFF9D42-F0F3-4D3A-9B64-4966BE133096}.Release|Any CPU.Build.0 = Release|Any CPU
		{3AFF9D42-F0F3-4D3A-9B64-4966BE133096}.TelegramDev|Any CPU.ActiveCfg = TelegramDev|Any CPU
		{3AFF9D42-F0F3-4D3A-9B64-4966BE133096}.TelegramDev|Any CPU.Build.0 = TelegramDev|Any CPU
		{3AFF9D42-F0F3-4D3A-9B64-4966BE133096}.TelegramLive|Any CPU.ActiveCfg = Release|Any CPU
		{3AFF9D42-F0F3-4D3A-9B64-4966BE133096}.TelegramLive|Any CPU.Build.0 = Release|Any CPU
		{3AFF9D42-F0F3-4D3A-9B64-4966BE133096}.TelegramTest|Any CPU.ActiveCfg = TelegramDev|Any CPU
		{3AFF9D42-F0F3-4D3A-9B64-4966BE133096}.TelegramTest|Any CPU.Build.0 = TelegramDev|Any CPU
		{C158D6D0-F5B6-49A8-A798-B6B7FFB1CEDF}.Debug|Any CPU.ActiveCfg = Debug|Any CPU
		{C158D6D0-F5B6-49A8-A798-B6B7FFB1CEDF}.Debug|Any CPU.Build.0 = Debug|Any CPU
		{C158D6D0-F5B6-49A8-A798-B6B7FFB1CEDF}.DebugLive|Any CPU.ActiveCfg = DebugLive|Any CPU
		{C158D6D0-F5B6-49A8-A798-B6B7FFB1CEDF}.DebugLive|Any CPU.Build.0 = DebugLive|Any CPU
		{C158D6D0-F5B6-49A8-A798-B6B7FFB1CEDF}.DebugTest|Any CPU.ActiveCfg = DebugLive|Any CPU
		{C158D6D0-F5B6-49A8-A798-B6B7FFB1CEDF}.DebugTest|Any CPU.Build.0 = DebugLive|Any CPU
		{C158D6D0-F5B6-49A8-A798-B6B7FFB1CEDF}.Dev|Any CPU.ActiveCfg = DebugLive|Any CPU
		{C158D6D0-F5B6-49A8-A798-B6B7FFB1CEDF}.Dev|Any CPU.Build.0 = DebugLive|Any CPU
		{C158D6D0-F5B6-49A8-A798-B6B7FFB1CEDF}.DiscordAlpha|Any CPU.ActiveCfg = DebugLive|Any CPU
		{C158D6D0-F5B6-49A8-A798-B6B7FFB1CEDF}.DiscordAlpha|Any CPU.Build.0 = DebugLive|Any CPU
		{C158D6D0-F5B6-49A8-A798-B6B7FFB1CEDF}.DiscordLive|Any CPU.ActiveCfg = DebugLive|Any CPU
		{C158D6D0-F5B6-49A8-A798-B6B7FFB1CEDF}.DiscordLive|Any CPU.Build.0 = DebugLive|Any CPU
		{C158D6D0-F5B6-49A8-A798-B6B7FFB1CEDF}.KikLive|Any CPU.ActiveCfg = KikLive|Any CPU
		{C158D6D0-F5B6-49A8-A798-B6B7FFB1CEDF}.KikLive|Any CPU.Build.0 = KikLive|Any CPU
		{C158D6D0-F5B6-49A8-A798-B6B7FFB1CEDF}.Release|Any CPU.ActiveCfg = Release|Any CPU
		{C158D6D0-F5B6-49A8-A798-B6B7FFB1CEDF}.Release|Any CPU.Build.0 = Release|Any CPU
		{C158D6D0-F5B6-49A8-A798-B6B7FFB1CEDF}.TelegramDev|Any CPU.ActiveCfg = DebugLive|Any CPU
		{C158D6D0-F5B6-49A8-A798-B6B7FFB1CEDF}.TelegramDev|Any CPU.Build.0 = DebugLive|Any CPU
		{C158D6D0-F5B6-49A8-A798-B6B7FFB1CEDF}.TelegramLive|Any CPU.ActiveCfg = DebugLive|Any CPU
		{C158D6D0-F5B6-49A8-A798-B6B7FFB1CEDF}.TelegramLive|Any CPU.Build.0 = DebugLive|Any CPU
		{C158D6D0-F5B6-49A8-A798-B6B7FFB1CEDF}.TelegramTest|Any CPU.ActiveCfg = DebugLive|Any CPU
		{C158D6D0-F5B6-49A8-A798-B6B7FFB1CEDF}.TelegramTest|Any CPU.Build.0 = DebugLive|Any CPU
		{23778BCC-A6D0-4BFA-83F1-BB06405BE7B2}.Debug|Any CPU.ActiveCfg = Debug|Any CPU
		{23778BCC-A6D0-4BFA-83F1-BB06405BE7B2}.Debug|Any CPU.Build.0 = Debug|Any CPU
		{23778BCC-A6D0-4BFA-83F1-BB06405BE7B2}.DebugLive|Any CPU.ActiveCfg = DebugLive|Any CPU
		{23778BCC-A6D0-4BFA-83F1-BB06405BE7B2}.DebugLive|Any CPU.Build.0 = DebugLive|Any CPU
		{23778BCC-A6D0-4BFA-83F1-BB06405BE7B2}.DebugTest|Any CPU.ActiveCfg = DebugLive|Any CPU
		{23778BCC-A6D0-4BFA-83F1-BB06405BE7B2}.DebugTest|Any CPU.Build.0 = DebugLive|Any CPU
		{23778BCC-A6D0-4BFA-83F1-BB06405BE7B2}.Dev|Any CPU.ActiveCfg = DebugLive|Any CPU
		{23778BCC-A6D0-4BFA-83F1-BB06405BE7B2}.Dev|Any CPU.Build.0 = DebugLive|Any CPU
		{23778BCC-A6D0-4BFA-83F1-BB06405BE7B2}.DiscordAlpha|Any CPU.ActiveCfg = DebugLive|Any CPU
		{23778BCC-A6D0-4BFA-83F1-BB06405BE7B2}.DiscordAlpha|Any CPU.Build.0 = DebugLive|Any CPU
		{23778BCC-A6D0-4BFA-83F1-BB06405BE7B2}.DiscordLive|Any CPU.ActiveCfg = DebugLive|Any CPU
		{23778BCC-A6D0-4BFA-83F1-BB06405BE7B2}.DiscordLive|Any CPU.Build.0 = DebugLive|Any CPU
		{23778BCC-A6D0-4BFA-83F1-BB06405BE7B2}.KikLive|Any CPU.ActiveCfg = KikLive|Any CPU
		{23778BCC-A6D0-4BFA-83F1-BB06405BE7B2}.KikLive|Any CPU.Build.0 = KikLive|Any CPU
		{23778BCC-A6D0-4BFA-83F1-BB06405BE7B2}.Release|Any CPU.ActiveCfg = Release|Any CPU
		{23778BCC-A6D0-4BFA-83F1-BB06405BE7B2}.Release|Any CPU.Build.0 = Release|Any CPU
		{23778BCC-A6D0-4BFA-83F1-BB06405BE7B2}.TelegramDev|Any CPU.ActiveCfg = DebugLive|Any CPU
		{23778BCC-A6D0-4BFA-83F1-BB06405BE7B2}.TelegramDev|Any CPU.Build.0 = DebugLive|Any CPU
		{23778BCC-A6D0-4BFA-83F1-BB06405BE7B2}.TelegramLive|Any CPU.ActiveCfg = DebugLive|Any CPU
		{23778BCC-A6D0-4BFA-83F1-BB06405BE7B2}.TelegramLive|Any CPU.Build.0 = DebugLive|Any CPU
		{23778BCC-A6D0-4BFA-83F1-BB06405BE7B2}.TelegramTest|Any CPU.ActiveCfg = DebugLive|Any CPU
		{23778BCC-A6D0-4BFA-83F1-BB06405BE7B2}.TelegramTest|Any CPU.Build.0 = DebugLive|Any CPU
		{ADF31382-463C-4CDD-B553-0E0B44AEEAD4}.Debug|Any CPU.ActiveCfg = Debug|Any CPU
		{ADF31382-463C-4CDD-B553-0E0B44AEEAD4}.Debug|Any CPU.Build.0 = Debug|Any CPU
		{ADF31382-463C-4CDD-B553-0E0B44AEEAD4}.DebugLive|Any CPU.ActiveCfg = Debug|Any CPU
		{ADF31382-463C-4CDD-B553-0E0B44AEEAD4}.DebugLive|Any CPU.Build.0 = Debug|Any CPU
		{ADF31382-463C-4CDD-B553-0E0B44AEEAD4}.DebugTest|Any CPU.ActiveCfg = Debug|Any CPU
		{ADF31382-463C-4CDD-B553-0E0B44AEEAD4}.DebugTest|Any CPU.Build.0 = Debug|Any CPU
		{ADF31382-463C-4CDD-B553-0E0B44AEEAD4}.Dev|Any CPU.ActiveCfg = TelegramDev|Any CPU
		{ADF31382-463C-4CDD-B553-0E0B44AEEAD4}.Dev|Any CPU.Build.0 = TelegramDev|Any CPU
		{ADF31382-463C-4CDD-B553-0E0B44AEEAD4}.DiscordAlpha|Any CPU.ActiveCfg = Debug|Any CPU
		{ADF31382-463C-4CDD-B553-0E0B44AEEAD4}.DiscordAlpha|Any CPU.Build.0 = Debug|Any CPU
		{ADF31382-463C-4CDD-B553-0E0B44AEEAD4}.DiscordLive|Any CPU.ActiveCfg = Debug|Any CPU
		{ADF31382-463C-4CDD-B553-0E0B44AEEAD4}.DiscordLive|Any CPU.Build.0 = Debug|Any CPU
		{ADF31382-463C-4CDD-B553-0E0B44AEEAD4}.KikLive|Any CPU.ActiveCfg = Debug|Any CPU
		{ADF31382-463C-4CDD-B553-0E0B44AEEAD4}.KikLive|Any CPU.Build.0 = Debug|Any CPU
		{ADF31382-463C-4CDD-B553-0E0B44AEEAD4}.Release|Any CPU.ActiveCfg = Release|Any CPU
		{ADF31382-463C-4CDD-B553-0E0B44AEEAD4}.Release|Any CPU.Build.0 = Release|Any CPU
		{ADF31382-463C-4CDD-B553-0E0B44AEEAD4}.TelegramDev|Any CPU.ActiveCfg = TelegramDev|Any CPU
		{ADF31382-463C-4CDD-B553-0E0B44AEEAD4}.TelegramDev|Any CPU.Build.0 = TelegramDev|Any CPU
		{ADF31382-463C-4CDD-B553-0E0B44AEEAD4}.TelegramLive|Any CPU.ActiveCfg = TelegramDev|Any CPU
		{ADF31382-463C-4CDD-B553-0E0B44AEEAD4}.TelegramLive|Any CPU.Build.0 = TelegramDev|Any CPU
		{ADF31382-463C-4CDD-B553-0E0B44AEEAD4}.TelegramTest|Any CPU.ActiveCfg = TelegramDev|Any CPU
		{ADF31382-463C-4CDD-B553-0E0B44AEEAD4}.TelegramTest|Any CPU.Build.0 = TelegramDev|Any CPU
		{36D60C6A-16F8-4F68-9BFE-F4E005281833}.Debug|Any CPU.ActiveCfg = Debug|Any CPU
		{36D60C6A-16F8-4F68-9BFE-F4E005281833}.Debug|Any CPU.Build.0 = Debug|Any CPU
		{36D60C6A-16F8-4F68-9BFE-F4E005281833}.DebugLive|Any CPU.ActiveCfg = Debug|Any CPU
		{36D60C6A-16F8-4F68-9BFE-F4E005281833}.DebugLive|Any CPU.Build.0 = Debug|Any CPU
		{36D60C6A-16F8-4F68-9BFE-F4E005281833}.DebugTest|Any CPU.ActiveCfg = Debug|Any CPU
		{36D60C6A-16F8-4F68-9BFE-F4E005281833}.DebugTest|Any CPU.Build.0 = Debug|Any CPU
		{36D60C6A-16F8-4F68-9BFE-F4E005281833}.Dev|Any CPU.ActiveCfg = Debug|Any CPU
		{36D60C6A-16F8-4F68-9BFE-F4E005281833}.Dev|Any CPU.Build.0 = Debug|Any CPU
		{36D60C6A-16F8-4F68-9BFE-F4E005281833}.DiscordAlpha|Any CPU.ActiveCfg = Debug|Any CPU
		{36D60C6A-16F8-4F68-9BFE-F4E005281833}.DiscordAlpha|Any CPU.Build.0 = Debug|Any CPU
		{36D60C6A-16F8-4F68-9BFE-F4E005281833}.DiscordLive|Any CPU.ActiveCfg = Release|Any CPU
		{36D60C6A-16F8-4F68-9BFE-F4E005281833}.DiscordLive|Any CPU.Build.0 = Release|Any CPU
		{36D60C6A-16F8-4F68-9BFE-F4E005281833}.KikLive|Any CPU.ActiveCfg = Debug|Any CPU
		{36D60C6A-16F8-4F68-9BFE-F4E005281833}.KikLive|Any CPU.Build.0 = Debug|Any CPU
		{36D60C6A-16F8-4F68-9BFE-F4E005281833}.Release|Any CPU.ActiveCfg = Release|Any CPU
		{36D60C6A-16F8-4F68-9BFE-F4E005281833}.Release|Any CPU.Build.0 = Release|Any CPU
		{36D60C6A-16F8-4F68-9BFE-F4E005281833}.TelegramDev|Any CPU.ActiveCfg = Debug|Any CPU
		{36D60C6A-16F8-4F68-9BFE-F4E005281833}.TelegramDev|Any CPU.Build.0 = Debug|Any CPU
		{36D60C6A-16F8-4F68-9BFE-F4E005281833}.TelegramLive|Any CPU.ActiveCfg = Release|Any CPU
		{36D60C6A-16F8-4F68-9BFE-F4E005281833}.TelegramLive|Any CPU.Build.0 = Release|Any CPU
		{36D60C6A-16F8-4F68-9BFE-F4E005281833}.TelegramTest|Any CPU.ActiveCfg = Debug|Any CPU
		{36D60C6A-16F8-4F68-9BFE-F4E005281833}.TelegramTest|Any CPU.Build.0 = Debug|Any CPU
		{879D1432-FD24-4D5F-AD67-CDA2F6DE528C}.Debug|Any CPU.ActiveCfg = Debug|Any CPU
		{879D1432-FD24-4D5F-AD67-CDA2F6DE528C}.Debug|Any CPU.Build.0 = Debug|Any CPU
		{879D1432-FD24-4D5F-AD67-CDA2F6DE528C}.DebugLive|Any CPU.ActiveCfg = Debug|Any CPU
		{879D1432-FD24-4D5F-AD67-CDA2F6DE528C}.DebugLive|Any CPU.Build.0 = Debug|Any CPU
		{879D1432-FD24-4D5F-AD67-CDA2F6DE528C}.DebugTest|Any CPU.ActiveCfg = Debug|Any CPU
		{879D1432-FD24-4D5F-AD67-CDA2F6DE528C}.DebugTest|Any CPU.Build.0 = Debug|Any CPU
		{879D1432-FD24-4D5F-AD67-CDA2F6DE528C}.Dev|Any CPU.ActiveCfg = Debug|Any CPU
		{879D1432-FD24-4D5F-AD67-CDA2F6DE528C}.Dev|Any CPU.Build.0 = Debug|Any CPU
		{879D1432-FD24-4D5F-AD67-CDA2F6DE528C}.DiscordAlpha|Any CPU.ActiveCfg = Debug|Any CPU
		{879D1432-FD24-4D5F-AD67-CDA2F6DE528C}.DiscordAlpha|Any CPU.Build.0 = Debug|Any CPU
		{879D1432-FD24-4D5F-AD67-CDA2F6DE528C}.DiscordLive|Any CPU.ActiveCfg = Release|Any CPU
		{879D1432-FD24-4D5F-AD67-CDA2F6DE528C}.DiscordLive|Any CPU.Build.0 = Release|Any CPU
		{879D1432-FD24-4D5F-AD67-CDA2F6DE528C}.KikLive|Any CPU.ActiveCfg = Debug|Any CPU
		{879D1432-FD24-4D5F-AD67-CDA2F6DE528C}.KikLive|Any CPU.Build.0 = Debug|Any CPU
		{879D1432-FD24-4D5F-AD67-CDA2F6DE528C}.Release|Any CPU.ActiveCfg = Release|Any CPU
		{879D1432-FD24-4D5F-AD67-CDA2F6DE528C}.Release|Any CPU.Build.0 = Release|Any CPU
		{879D1432-FD24-4D5F-AD67-CDA2F6DE528C}.TelegramDev|Any CPU.ActiveCfg = Debug|Any CPU
		{879D1432-FD24-4D5F-AD67-CDA2F6DE528C}.TelegramDev|Any CPU.Build.0 = Debug|Any CPU
		{879D1432-FD24-4D5F-AD67-CDA2F6DE528C}.TelegramLive|Any CPU.ActiveCfg = Release|Any CPU
		{879D1432-FD24-4D5F-AD67-CDA2F6DE528C}.TelegramLive|Any CPU.Build.0 = Release|Any CPU
		{879D1432-FD24-4D5F-AD67-CDA2F6DE528C}.TelegramTest|Any CPU.ActiveCfg = Debug|Any CPU
		{879D1432-FD24-4D5F-AD67-CDA2F6DE528C}.TelegramTest|Any CPU.Build.0 = Debug|Any CPU
		{95218A6E-EC7E-483D-BC88-6CCB8AA863B1}.Debug|Any CPU.ActiveCfg = Debug|Any CPU
		{95218A6E-EC7E-483D-BC88-6CCB8AA863B1}.Debug|Any CPU.Build.0 = Debug|Any CPU
		{95218A6E-EC7E-483D-BC88-6CCB8AA863B1}.DebugLive|Any CPU.ActiveCfg = Debug|Any CPU
		{95218A6E-EC7E-483D-BC88-6CCB8AA863B1}.DebugLive|Any CPU.Build.0 = Debug|Any CPU
		{95218A6E-EC7E-483D-BC88-6CCB8AA863B1}.DebugTest|Any CPU.ActiveCfg = Debug|Any CPU
		{95218A6E-EC7E-483D-BC88-6CCB8AA863B1}.DebugTest|Any CPU.Build.0 = Debug|Any CPU
		{95218A6E-EC7E-483D-BC88-6CCB8AA863B1}.Dev|Any CPU.ActiveCfg = Debug|Any CPU
		{95218A6E-EC7E-483D-BC88-6CCB8AA863B1}.Dev|Any CPU.Build.0 = Debug|Any CPU
		{95218A6E-EC7E-483D-BC88-6CCB8AA863B1}.DiscordAlpha|Any CPU.ActiveCfg = Debug|Any CPU
		{95218A6E-EC7E-483D-BC88-6CCB8AA863B1}.DiscordAlpha|Any CPU.Build.0 = Debug|Any CPU
		{95218A6E-EC7E-483D-BC88-6CCB8AA863B1}.DiscordLive|Any CPU.ActiveCfg = Release|Any CPU
		{95218A6E-EC7E-483D-BC88-6CCB8AA863B1}.DiscordLive|Any CPU.Build.0 = Release|Any CPU
		{95218A6E-EC7E-483D-BC88-6CCB8AA863B1}.KikLive|Any CPU.ActiveCfg = Debug|Any CPU
		{95218A6E-EC7E-483D-BC88-6CCB8AA863B1}.KikLive|Any CPU.Build.0 = Debug|Any CPU
		{95218A6E-EC7E-483D-BC88-6CCB8AA863B1}.Release|Any CPU.ActiveCfg = Release|Any CPU
		{95218A6E-EC7E-483D-BC88-6CCB8AA863B1}.Release|Any CPU.Build.0 = Release|Any CPU
		{95218A6E-EC7E-483D-BC88-6CCB8AA863B1}.TelegramDev|Any CPU.ActiveCfg = Debug|Any CPU
		{95218A6E-EC7E-483D-BC88-6CCB8AA863B1}.TelegramDev|Any CPU.Build.0 = Debug|Any CPU
		{95218A6E-EC7E-483D-BC88-6CCB8AA863B1}.TelegramLive|Any CPU.ActiveCfg = Release|Any CPU
		{95218A6E-EC7E-483D-BC88-6CCB8AA863B1}.TelegramLive|Any CPU.Build.0 = Release|Any CPU
		{95218A6E-EC7E-483D-BC88-6CCB8AA863B1}.TelegramTest|Any CPU.ActiveCfg = Debug|Any CPU
		{95218A6E-EC7E-483D-BC88-6CCB8AA863B1}.TelegramTest|Any CPU.Build.0 = Debug|Any CPU
		{FC15C455-2E48-40D1-94FE-47E3D96C7CCA}.Debug|Any CPU.ActiveCfg = Debug|Any CPU
		{FC15C455-2E48-40D1-94FE-47E3D96C7CCA}.Debug|Any CPU.Build.0 = Debug|Any CPU
		{FC15C455-2E48-40D1-94FE-47E3D96C7CCA}.DebugLive|Any CPU.ActiveCfg = Debug|Any CPU
		{FC15C455-2E48-40D1-94FE-47E3D96C7CCA}.DebugLive|Any CPU.Build.0 = Debug|Any CPU
		{FC15C455-2E48-40D1-94FE-47E3D96C7CCA}.DebugTest|Any CPU.ActiveCfg = Debug|Any CPU
		{FC15C455-2E48-40D1-94FE-47E3D96C7CCA}.DebugTest|Any CPU.Build.0 = Debug|Any CPU
		{FC15C455-2E48-40D1-94FE-47E3D96C7CCA}.Dev|Any CPU.ActiveCfg = Debug|Any CPU
		{FC15C455-2E48-40D1-94FE-47E3D96C7CCA}.Dev|Any CPU.Build.0 = Debug|Any CPU
		{FC15C455-2E48-40D1-94FE-47E3D96C7CCA}.DiscordAlpha|Any CPU.ActiveCfg = DiscordAlpha|Any CPU
		{FC15C455-2E48-40D1-94FE-47E3D96C7CCA}.DiscordAlpha|Any CPU.Build.0 = DiscordAlpha|Any CPU
		{FC15C455-2E48-40D1-94FE-47E3D96C7CCA}.DiscordLive|Any CPU.ActiveCfg = DiscordLive|Any CPU
		{FC15C455-2E48-40D1-94FE-47E3D96C7CCA}.DiscordLive|Any CPU.Build.0 = DiscordLive|Any CPU
		{FC15C455-2E48-40D1-94FE-47E3D96C7CCA}.KikLive|Any CPU.ActiveCfg = Debug|Any CPU
		{FC15C455-2E48-40D1-94FE-47E3D96C7CCA}.KikLive|Any CPU.Build.0 = Debug|Any CPU
		{FC15C455-2E48-40D1-94FE-47E3D96C7CCA}.Release|Any CPU.ActiveCfg = Release|Any CPU
		{FC15C455-2E48-40D1-94FE-47E3D96C7CCA}.Release|Any CPU.Build.0 = Release|Any CPU
		{FC15C455-2E48-40D1-94FE-47E3D96C7CCA}.TelegramDev|Any CPU.ActiveCfg = TelegramDev|Any CPU
		{FC15C455-2E48-40D1-94FE-47E3D96C7CCA}.TelegramDev|Any CPU.Build.0 = TelegramDev|Any CPU
		{FC15C455-2E48-40D1-94FE-47E3D96C7CCA}.TelegramLive|Any CPU.ActiveCfg = TelegramLive|Any CPU
		{FC15C455-2E48-40D1-94FE-47E3D96C7CCA}.TelegramLive|Any CPU.Build.0 = TelegramLive|Any CPU
		{FC15C455-2E48-40D1-94FE-47E3D96C7CCA}.TelegramTest|Any CPU.ActiveCfg = TelegramTest|Any CPU
		{FC15C455-2E48-40D1-94FE-47E3D96C7CCA}.TelegramTest|Any CPU.Build.0 = TelegramTest|Any CPU
		{102F598E-068D-46C0-ADE5-D734BC53B6EA}.Debug|Any CPU.ActiveCfg = Debug|Any CPU
		{102F598E-068D-46C0-ADE5-D734BC53B6EA}.Debug|Any CPU.Build.0 = Debug|Any CPU
		{102F598E-068D-46C0-ADE5-D734BC53B6EA}.DebugLive|Any CPU.ActiveCfg = Debug|Any CPU
		{102F598E-068D-46C0-ADE5-D734BC53B6EA}.DebugLive|Any CPU.Build.0 = Debug|Any CPU
		{102F598E-068D-46C0-ADE5-D734BC53B6EA}.DebugTest|Any CPU.ActiveCfg = Debug|Any CPU
		{102F598E-068D-46C0-ADE5-D734BC53B6EA}.DebugTest|Any CPU.Build.0 = Debug|Any CPU
		{102F598E-068D-46C0-ADE5-D734BC53B6EA}.Dev|Any CPU.ActiveCfg = Debug|Any CPU
		{102F598E-068D-46C0-ADE5-D734BC53B6EA}.Dev|Any CPU.Build.0 = Debug|Any CPU
		{102F598E-068D-46C0-ADE5-D734BC53B6EA}.DiscordAlpha|Any CPU.ActiveCfg = Debug|Any CPU
		{102F598E-068D-46C0-ADE5-D734BC53B6EA}.DiscordAlpha|Any CPU.Build.0 = Debug|Any CPU
		{102F598E-068D-46C0-ADE5-D734BC53B6EA}.DiscordLive|Any CPU.ActiveCfg = Debug|Any CPU
		{102F598E-068D-46C0-ADE5-D734BC53B6EA}.DiscordLive|Any CPU.Build.0 = Debug|Any CPU
		{102F598E-068D-46C0-ADE5-D734BC53B6EA}.KikLive|Any CPU.ActiveCfg = Debug|Any CPU
		{102F598E-068D-46C0-ADE5-D734BC53B6EA}.KikLive|Any CPU.Build.0 = Debug|Any CPU
		{102F598E-068D-46C0-ADE5-D734BC53B6EA}.Release|Any CPU.ActiveCfg = Release|Any CPU
		{102F598E-068D-46C0-ADE5-D734BC53B6EA}.Release|Any CPU.Build.0 = Release|Any CPU
		{102F598E-068D-46C0-ADE5-D734BC53B6EA}.TelegramDev|Any CPU.ActiveCfg = Debug|Any CPU
		{102F598E-068D-46C0-ADE5-D734BC53B6EA}.TelegramDev|Any CPU.Build.0 = Debug|Any CPU
		{102F598E-068D-46C0-ADE5-D734BC53B6EA}.TelegramLive|Any CPU.ActiveCfg = Debug|Any CPU
		{102F598E-068D-46C0-ADE5-D734BC53B6EA}.TelegramLive|Any CPU.Build.0 = Debug|Any CPU
		{102F598E-068D-46C0-ADE5-D734BC53B6EA}.TelegramTest|Any CPU.ActiveCfg = Debug|Any CPU
		{102F598E-068D-46C0-ADE5-D734BC53B6EA}.TelegramTest|Any CPU.Build.0 = Debug|Any CPU
		{8C6D0B24-65E4-4FE9-979A-E86B0C2F223D}.Debug|Any CPU.ActiveCfg = Debug|Any CPU
		{8C6D0B24-65E4-4FE9-979A-E86B0C2F223D}.Debug|Any CPU.Build.0 = Debug|Any CPU
		{8C6D0B24-65E4-4FE9-979A-E86B0C2F223D}.DebugLive|Any CPU.ActiveCfg = Debug|Any CPU
		{8C6D0B24-65E4-4FE9-979A-E86B0C2F223D}.DebugLive|Any CPU.Build.0 = Debug|Any CPU
		{8C6D0B24-65E4-4FE9-979A-E86B0C2F223D}.DebugTest|Any CPU.ActiveCfg = Debug|Any CPU
		{8C6D0B24-65E4-4FE9-979A-E86B0C2F223D}.DebugTest|Any CPU.Build.0 = Debug|Any CPU
		{8C6D0B24-65E4-4FE9-979A-E86B0C2F223D}.Dev|Any CPU.ActiveCfg = Debug|Any CPU
		{8C6D0B24-65E4-4FE9-979A-E86B0C2F223D}.Dev|Any CPU.Build.0 = Debug|Any CPU
		{8C6D0B24-65E4-4FE9-979A-E86B0C2F223D}.DiscordAlpha|Any CPU.ActiveCfg = Debug|Any CPU
		{8C6D0B24-65E4-4FE9-979A-E86B0C2F223D}.DiscordAlpha|Any CPU.Build.0 = Debug|Any CPU
		{8C6D0B24-65E4-4FE9-979A-E86B0C2F223D}.DiscordLive|Any CPU.ActiveCfg = Debug|Any CPU
		{8C6D0B24-65E4-4FE9-979A-E86B0C2F223D}.DiscordLive|Any CPU.Build.0 = Debug|Any CPU
		{8C6D0B24-65E4-4FE9-979A-E86B0C2F223D}.KikLive|Any CPU.ActiveCfg = Debug|Any CPU
		{8C6D0B24-65E4-4FE9-979A-E86B0C2F223D}.KikLive|Any CPU.Build.0 = Debug|Any CPU
		{8C6D0B24-65E4-4FE9-979A-E86B0C2F223D}.Release|Any CPU.ActiveCfg = Release|Any CPU
		{8C6D0B24-65E4-4FE9-979A-E86B0C2F223D}.Release|Any CPU.Build.0 = Release|Any CPU
		{8C6D0B24-65E4-4FE9-979A-E86B0C2F223D}.TelegramDev|Any CPU.ActiveCfg = Debug|Any CPU
		{8C6D0B24-65E4-4FE9-979A-E86B0C2F223D}.TelegramDev|Any CPU.Build.0 = Debug|Any CPU
		{8C6D0B24-65E4-4FE9-979A-E86B0C2F223D}.TelegramLive|Any CPU.ActiveCfg = Debug|Any CPU
		{8C6D0B24-65E4-4FE9-979A-E86B0C2F223D}.TelegramLive|Any CPU.Build.0 = Debug|Any CPU
		{8C6D0B24-65E4-4FE9-979A-E86B0C2F223D}.TelegramTest|Any CPU.ActiveCfg = Debug|Any CPU
		{8C6D0B24-65E4-4FE9-979A-E86B0C2F223D}.TelegramTest|Any CPU.Build.0 = Debug|Any CPU
	EndGlobalSection
	GlobalSection(SolutionProperties) = preSolution
		HideSolutionNode = FALSE
	EndGlobalSection
	GlobalSection(ExtensibilityGlobals) = postSolution
		SolutionGuid = {328218EE-9449-4847-BEB8-D16D5385BF07}
	EndGlobalSection
EndGlobal
